// !$*UTF8*$!
{
	archiveVersion = 1;
	classes = {
	};
	objectVersion = 46;
	objects = {

/* Begin PBXBuildFile section */
		53307F8713E0F87A0056E423 /* Word.m in Sources */ = {isa = PBXBuildFile; fileRef = 53307F8613E0F87A0056E423 /* Word.m */; };
		538BA780140B3687008C2C22 /* WordRepositoryTest.m in Sources */ = {isa = PBXBuildFile; fileRef = 53F6F17C13FE1AEF00418397 /* WordRepositoryTest.m */; };
		538BA781140B368C008C2C22 /* WordStub.m in Sources */ = {isa = PBXBuildFile; fileRef = 532E18961400C472005352FD /* WordStub.m */; };
		538BA784140B36A1008C2C22 /* WordRepository.m in Sources */ = {isa = PBXBuildFile; fileRef = 539D0A4C13FCC48600529E9C /* WordRepository.m */; };
		538BA785140B36DD008C2C22 /* Word.m in Sources */ = {isa = PBXBuildFile; fileRef = 53307F8613E0F87A0056E423 /* Word.m */; };
		538BA786140B36E2008C2C22 /* WordRepository.m in Sources */ = {isa = PBXBuildFile; fileRef = 539D0A4C13FCC48600529E9C /* WordRepository.m */; };
		538BA787140B3763008C2C22 /* WordStub.m in Sources */ = {isa = PBXBuildFile; fileRef = 532E18961400C472005352FD /* WordStub.m */; };
		538BA788140B3769008C2C22 /* Word.m in Sources */ = {isa = PBXBuildFile; fileRef = 53307F8613E0F87A0056E423 /* Word.m */; };
		538BA789140B377E008C2C22 /* WordRepository.m in Sources */ = {isa = PBXBuildFile; fileRef = 539D0A4C13FCC48600529E9C /* WordRepository.m */; };
		53AE38B113FB036300DA2753 /* web_57x57.png in Resources */ = {isa = PBXBuildFile; fileRef = 53AE38B013FB036300DA2753 /* web_57x57.png */; };
		53AE38B413FB03A200DA2753 /* web_114x114.png in Resources */ = {isa = PBXBuildFile; fileRef = 53AE38B313FB03A200DA2753 /* web_114x114.png */; };
		53BBF40C14048E9D00F3DAD2 /* WordGameTest.m in Sources */ = {isa = PBXBuildFile; fileRef = 53BBF40B14048E9D00F3DAD2 /* WordGameTest.m */; };
		53D10DEB140B345C00713B64 /* SenTestingKit.framework in Frameworks */ = {isa = PBXBuildFile; fileRef = 53E4162213DF8FA000B93237 /* SenTestingKit.framework */; };
		53D10DEC140B345C00713B64 /* UIKit.framework in Frameworks */ = {isa = PBXBuildFile; fileRef = 53E4160113DF8FA000B93237 /* UIKit.framework */; };
		53D10DED140B345C00713B64 /* Foundation.framework in Frameworks */ = {isa = PBXBuildFile; fileRef = 53E4160313DF8FA000B93237 /* Foundation.framework */; };
		53D10DF3140B345C00713B64 /* InfoPlist.strings in Resources */ = {isa = PBXBuildFile; fileRef = 53D10DF1140B345C00713B64 /* InfoPlist.strings */; };
		53E4160213DF8FA000B93237 /* UIKit.framework in Frameworks */ = {isa = PBXBuildFile; fileRef = 53E4160113DF8FA000B93237 /* UIKit.framework */; };
		53E4160413DF8FA000B93237 /* Foundation.framework in Frameworks */ = {isa = PBXBuildFile; fileRef = 53E4160313DF8FA000B93237 /* Foundation.framework */; };
		53E4160613DF8FA000B93237 /* CoreGraphics.framework in Frameworks */ = {isa = PBXBuildFile; fileRef = 53E4160513DF8FA000B93237 /* CoreGraphics.framework */; };
		53E4160C13DF8FA000B93237 /* InfoPlist.strings in Resources */ = {isa = PBXBuildFile; fileRef = 53E4160A13DF8FA000B93237 /* InfoPlist.strings */; };
		53E4160E13DF8FA000B93237 /* main.m in Sources */ = {isa = PBXBuildFile; fileRef = 53E4160D13DF8FA000B93237 /* main.m */; };
		53E4161213DF8FA000B93237 /* KotobaAppDelegate.m in Sources */ = {isa = PBXBuildFile; fileRef = 53E4161113DF8FA000B93237 /* KotobaAppDelegate.m */; };
		53E4161513DF8FA000B93237 /* MainStoryboard_iPhone.storyboard in Resources */ = {isa = PBXBuildFile; fileRef = 53E4161313DF8FA000B93237 /* MainStoryboard_iPhone.storyboard */; };
		53E4161813DF8FA000B93237 /* MainStoryboard_iPad.storyboard in Resources */ = {isa = PBXBuildFile; fileRef = 53E4161613DF8FA000B93237 /* MainStoryboard_iPad.storyboard */; };
		53E4161B13DF8FA000B93237 /* WordGameViewController.m in Sources */ = {isa = PBXBuildFile; fileRef = 53E4161A13DF8FA000B93237 /* WordGameViewController.m */; };
		53E4162313DF8FA000B93237 /* SenTestingKit.framework in Frameworks */ = {isa = PBXBuildFile; fileRef = 53E4162213DF8FA000B93237 /* SenTestingKit.framework */; };
		53E4162413DF8FA000B93237 /* UIKit.framework in Frameworks */ = {isa = PBXBuildFile; fileRef = 53E4160113DF8FA000B93237 /* UIKit.framework */; };
		53E4162513DF8FA000B93237 /* Foundation.framework in Frameworks */ = {isa = PBXBuildFile; fileRef = 53E4160313DF8FA000B93237 /* Foundation.framework */; };
		53E4162613DF8FA000B93237 /* CoreGraphics.framework in Frameworks */ = {isa = PBXBuildFile; fileRef = 53E4160513DF8FA000B93237 /* CoreGraphics.framework */; };
		53E4162E13DF8FA000B93237 /* InfoPlist.strings in Resources */ = {isa = PBXBuildFile; fileRef = 53E4162C13DF8FA000B93237 /* InfoPlist.strings */; };
/* End PBXBuildFile section */

/* Begin PBXContainerItemProxy section */
		53E4162713DF8FA000B93237 /* PBXContainerItemProxy */ = {
			isa = PBXContainerItemProxy;
			containerPortal = 53E415F413DF8F9F00B93237 /* Project object */;
			proxyType = 1;
			remoteGlobalIDString = 53E415FC13DF8F9F00B93237;
			remoteInfo = Kotoba;
		};
/* End PBXContainerItemProxy section */

/* Begin PBXFileReference section */
		532E18951400C472005352FD /* WordStub.h */ = {isa = PBXFileReference; fileEncoding = 4; lastKnownFileType = sourcecode.c.h; name = WordStub.h; path = ../KotobaTests/WordStub.h; sourceTree = "<group>"; };
		532E18961400C472005352FD /* WordStub.m */ = {isa = PBXFileReference; fileEncoding = 4; lastKnownFileType = sourcecode.c.objc; name = WordStub.m; path = ../KotobaTests/WordStub.m; sourceTree = "<group>"; };
		53307F8513E0F87A0056E423 /* Word.h */ = {isa = PBXFileReference; fileEncoding = 4; lastKnownFileType = sourcecode.c.h; name = Word.h; path = Kotoba/Word.h; sourceTree = "<group>"; };
		53307F8613E0F87A0056E423 /* Word.m */ = {isa = PBXFileReference; fileEncoding = 4; lastKnownFileType = sourcecode.c.objc; name = Word.m; path = Kotoba/Word.m; sourceTree = "<group>"; };
		539D0A4B13FCC48600529E9C /* WordRepository.h */ = {isa = PBXFileReference; fileEncoding = 4; lastKnownFileType = sourcecode.c.h; path = WordRepository.h; sourceTree = "<group>"; };
		539D0A4C13FCC48600529E9C /* WordRepository.m */ = {isa = PBXFileReference; fileEncoding = 4; lastKnownFileType = sourcecode.c.objc; path = WordRepository.m; sourceTree = "<group>"; };
		53AE38B013FB036300DA2753 /* web_57x57.png */ = {isa = PBXFileReference; lastKnownFileType = image.png; path = web_57x57.png; sourceTree = "<group>"; };
		53AE38B313FB03A200DA2753 /* web_114x114.png */ = {isa = PBXFileReference; lastKnownFileType = image.png; path = web_114x114.png; sourceTree = "<group>"; };
		53BBF40A14048E9D00F3DAD2 /* WordGameTest.h */ = {isa = PBXFileReference; fileEncoding = 4; lastKnownFileType = sourcecode.c.h; name = WordGameTest.h; path = ../WordGameTest.h; sourceTree = "<group>"; };
		53BBF40B14048E9D00F3DAD2 /* WordGameTest.m */ = {isa = PBXFileReference; fileEncoding = 4; lastKnownFileType = sourcecode.c.objc; name = WordGameTest.m; path = ../WordGameTest.m; sourceTree = "<group>"; };
		53D10DA9140AE3A800713B64 /* KotobaTests copy-Info.plist */ = {isa = PBXFileReference; lastKnownFileType = text.plist.xml; name = "KotobaTests copy-Info.plist"; path = "/Users/rafael/dev/fiive/kotoba-ios/KotobaTests copy-Info.plist"; sourceTree = "<absolute>"; };
		53D10DEA140B345C00713B64 /* KotobaLogicTests.octest */ = {isa = PBXFileReference; explicitFileType = wrapper.cfbundle; includeInIndex = 0; path = KotobaLogicTests.octest; sourceTree = BUILT_PRODUCTS_DIR; };
		53D10DF0140B345C00713B64 /* KotobaLogicTests-Info.plist */ = {isa = PBXFileReference; lastKnownFileType = text.plist.xml; path = "KotobaLogicTests-Info.plist"; sourceTree = "<group>"; };
		53D10DF2140B345C00713B64 /* en */ = {isa = PBXFileReference; lastKnownFileType = text.plist.strings; name = en; path = en.lproj/InfoPlist.strings; sourceTree = "<group>"; };
		53D10DF7140B345C00713B64 /* KotobaLogicTests-Prefix.pch */ = {isa = PBXFileReference; lastKnownFileType = sourcecode.c.h; path = "KotobaLogicTests-Prefix.pch"; sourceTree = "<group>"; };
		53D2F601140DC1F3006D4AFE /* pt */ = {isa = PBXFileReference; lastKnownFileType = file.storyboard; name = pt; path = pt.lproj/MainStoryboard_iPhone.storyboard; sourceTree = "<group>"; };
		53D2F602140DC28F006D4AFE /* pt */ = {isa = PBXFileReference; lastKnownFileType = file.storyboard; name = pt; path = pt.lproj/MainStoryboard_iPad.storyboard; sourceTree = "<group>"; };
		53E415FD13DF8FA000B93237 /* Kotoba.app */ = {isa = PBXFileReference; explicitFileType = wrapper.application; includeInIndex = 0; path = Kotoba.app; sourceTree = BUILT_PRODUCTS_DIR; };
		53E4160113DF8FA000B93237 /* UIKit.framework */ = {isa = PBXFileReference; lastKnownFileType = wrapper.framework; name = UIKit.framework; path = System/Library/Frameworks/UIKit.framework; sourceTree = SDKROOT; };
		53E4160313DF8FA000B93237 /* Foundation.framework */ = {isa = PBXFileReference; lastKnownFileType = wrapper.framework; name = Foundation.framework; path = System/Library/Frameworks/Foundation.framework; sourceTree = SDKROOT; };
		53E4160513DF8FA000B93237 /* CoreGraphics.framework */ = {isa = PBXFileReference; lastKnownFileType = wrapper.framework; name = CoreGraphics.framework; path = System/Library/Frameworks/CoreGraphics.framework; sourceTree = SDKROOT; };
		53E4160913DF8FA000B93237 /* Kotoba-Info.plist */ = {isa = PBXFileReference; lastKnownFileType = text.plist.xml; path = "Kotoba-Info.plist"; sourceTree = "<group>"; };
		53E4160B13DF8FA000B93237 /* en */ = {isa = PBXFileReference; lastKnownFileType = text.plist.strings; name = en; path = en.lproj/InfoPlist.strings; sourceTree = "<group>"; };
		53E4160D13DF8FA000B93237 /* main.m */ = {isa = PBXFileReference; lastKnownFileType = sourcecode.c.objc; path = main.m; sourceTree = "<group>"; };
		53E4160F13DF8FA000B93237 /* Kotoba-Prefix.pch */ = {isa = PBXFileReference; lastKnownFileType = sourcecode.c.h; path = "Kotoba-Prefix.pch"; sourceTree = "<group>"; };
		53E4161013DF8FA000B93237 /* KotobaAppDelegate.h */ = {isa = PBXFileReference; lastKnownFileType = sourcecode.c.h; path = KotobaAppDelegate.h; sourceTree = "<group>"; };
		53E4161113DF8FA000B93237 /* KotobaAppDelegate.m */ = {isa = PBXFileReference; lastKnownFileType = sourcecode.c.objc; path = KotobaAppDelegate.m; sourceTree = "<group>"; };
		53E4161413DF8FA000B93237 /* en */ = {isa = PBXFileReference; lastKnownFileType = file.storyboard; name = en; path = en.lproj/MainStoryboard_iPhone.storyboard; sourceTree = "<group>"; };
		53E4161713DF8FA000B93237 /* en */ = {isa = PBXFileReference; lastKnownFileType = file.storyboard; name = en; path = en.lproj/MainStoryboard_iPad.storyboard; sourceTree = "<group>"; };
		53E4161913DF8FA000B93237 /* WordGameViewController.h */ = {isa = PBXFileReference; lastKnownFileType = sourcecode.c.h; path = WordGameViewController.h; sourceTree = "<group>"; };
		53E4161A13DF8FA000B93237 /* WordGameViewController.m */ = {isa = PBXFileReference; lastKnownFileType = sourcecode.c.objc; path = WordGameViewController.m; sourceTree = "<group>"; };
		53E4162113DF8FA000B93237 /* KotobaTests.octest */ = {isa = PBXFileReference; explicitFileType = wrapper.cfbundle; includeInIndex = 0; path = KotobaTests.octest; sourceTree = BUILT_PRODUCTS_DIR; };
		53E4162213DF8FA000B93237 /* SenTestingKit.framework */ = {isa = PBXFileReference; lastKnownFileType = wrapper.framework; name = SenTestingKit.framework; path = Library/Frameworks/SenTestingKit.framework; sourceTree = DEVELOPER_DIR; };
		53E4162B13DF8FA000B93237 /* KotobaTests-Info.plist */ = {isa = PBXFileReference; lastKnownFileType = text.plist.xml; path = "KotobaTests-Info.plist"; sourceTree = "<group>"; };
		53E4162D13DF8FA000B93237 /* en */ = {isa = PBXFileReference; lastKnownFileType = text.plist.strings; name = en; path = en.lproj/InfoPlist.strings; sourceTree = "<group>"; };
		53F6F17B13FE1AEF00418397 /* WordRepositoryTest.h */ = {isa = PBXFileReference; fileEncoding = 4; lastKnownFileType = sourcecode.c.h; name = WordRepositoryTest.h; path = ../KotobaTests/WordRepositoryTest.h; sourceTree = "<group>"; };
		53F6F17C13FE1AEF00418397 /* WordRepositoryTest.m */ = {isa = PBXFileReference; fileEncoding = 4; lastKnownFileType = sourcecode.c.objc; name = WordRepositoryTest.m; path = ../KotobaTests/WordRepositoryTest.m; sourceTree = "<group>"; };
/* End PBXFileReference section */

/* Begin PBXFrameworksBuildPhase section */
		53D10DE6140B345C00713B64 /* Frameworks */ = {
			isa = PBXFrameworksBuildPhase;
			buildActionMask = 2147483647;
			files = (
				53D10DEB140B345C00713B64 /* SenTestingKit.framework in Frameworks */,
				53D10DEC140B345C00713B64 /* UIKit.framework in Frameworks */,
				53D10DED140B345C00713B64 /* Foundation.framework in Frameworks */,
			);
			runOnlyForDeploymentPostprocessing = 0;
		};
		53E415FA13DF8F9F00B93237 /* Frameworks */ = {
			isa = PBXFrameworksBuildPhase;
			buildActionMask = 2147483647;
			files = (
				53E4160213DF8FA000B93237 /* UIKit.framework in Frameworks */,
				53E4160413DF8FA000B93237 /* Foundation.framework in Frameworks */,
				53E4160613DF8FA000B93237 /* CoreGraphics.framework in Frameworks */,
			);
			runOnlyForDeploymentPostprocessing = 0;
		};
		53E4161D13DF8FA000B93237 /* Frameworks */ = {
			isa = PBXFrameworksBuildPhase;
			buildActionMask = 2147483647;
			files = (
				53E4162313DF8FA000B93237 /* SenTestingKit.framework in Frameworks */,
				53E4162413DF8FA000B93237 /* UIKit.framework in Frameworks */,
				53E4162513DF8FA000B93237 /* Foundation.framework in Frameworks */,
				53E4162613DF8FA000B93237 /* CoreGraphics.framework in Frameworks */,
			);
			runOnlyForDeploymentPostprocessing = 0;
		};
/* End PBXFrameworksBuildPhase section */

/* Begin PBXGroup section */
		538BA77F140B3665008C2C22 /* Domain */ = {
			isa = PBXGroup;
			children = (
				53F6F17B13FE1AEF00418397 /* WordRepositoryTest.h */,
				53F6F17C13FE1AEF00418397 /* WordRepositoryTest.m */,
				532E18951400C472005352FD /* WordStub.h */,
				532E18961400C472005352FD /* WordStub.m */,
			);
			name = Domain;
			sourceTree = "<group>";
		};
		539D0A4913FCC1B600529E9C /* Domain */ = {
			isa = PBXGroup;
			children = (
				53307F8513E0F87A0056E423 /* Word.h */,
				53307F8613E0F87A0056E423 /* Word.m */,
				539D0A4B13FCC48600529E9C /* WordRepository.h */,
				539D0A4C13FCC48600529E9C /* WordRepository.m */,
			);
			name = Domain;
			sourceTree = "<group>";
		};
		53D10DEE140B345C00713B64 /* KotobaLogicTests */ = {
			isa = PBXGroup;
			children = (
				538BA77F140B3665008C2C22 /* Domain */,
				53D10DEF140B345C00713B64 /* Supporting Files */,
			);
			path = KotobaLogicTests;
			sourceTree = "<group>";
		};
		53D10DEF140B345C00713B64 /* Supporting Files */ = {
			isa = PBXGroup;
			children = (
				53D10DF0140B345C00713B64 /* KotobaLogicTests-Info.plist */,
				53D10DF1140B345C00713B64 /* InfoPlist.strings */,
				53D10DF7140B345C00713B64 /* KotobaLogicTests-Prefix.pch */,
			);
			name = "Supporting Files";
			sourceTree = "<group>";
		};
		53E415F213DF8F9F00B93237 = {
			isa = PBXGroup;
			children = (
				539D0A4913FCC1B600529E9C /* Domain */,
				53AE38B313FB03A200DA2753 /* web_114x114.png */,
				53AE38B013FB036300DA2753 /* web_57x57.png */,
				53E4160713DF8FA000B93237 /* Kotoba */,
				53E4162913DF8FA000B93237 /* KotobaTests */,
				53D10DEE140B345C00713B64 /* KotobaLogicTests */,
				53E4160013DF8FA000B93237 /* Frameworks */,
				53E415FE13DF8FA000B93237 /* Products */,
				53D10DA9140AE3A800713B64 /* KotobaTests copy-Info.plist */,
			);
			sourceTree = "<group>";
		};
		53E415FE13DF8FA000B93237 /* Products */ = {
			isa = PBXGroup;
			children = (
				53E415FD13DF8FA000B93237 /* Kotoba.app */,
				53E4162113DF8FA000B93237 /* KotobaTests.octest */,
				53D10DEA140B345C00713B64 /* KotobaLogicTests.octest */,
			);
			name = Products;
			sourceTree = "<group>";
		};
		53E4160013DF8FA000B93237 /* Frameworks */ = {
			isa = PBXGroup;
			children = (
				53E4160113DF8FA000B93237 /* UIKit.framework */,
				53E4160313DF8FA000B93237 /* Foundation.framework */,
				53E4160513DF8FA000B93237 /* CoreGraphics.framework */,
				53E4162213DF8FA000B93237 /* SenTestingKit.framework */,
			);
			name = Frameworks;
			sourceTree = "<group>";
		};
		53E4160713DF8FA000B93237 /* Kotoba */ = {
			isa = PBXGroup;
			children = (
				53E4161013DF8FA000B93237 /* KotobaAppDelegate.h */,
				53E4161113DF8FA000B93237 /* KotobaAppDelegate.m */,
				53E4161313DF8FA000B93237 /* MainStoryboard_iPhone.storyboard */,
				53E4161613DF8FA000B93237 /* MainStoryboard_iPad.storyboard */,
				53E4161913DF8FA000B93237 /* WordGameViewController.h */,
				53E4161A13DF8FA000B93237 /* WordGameViewController.m */,
				53E4160813DF8FA000B93237 /* Supporting Files */,
			);
			path = Kotoba;
			sourceTree = "<group>";
		};
		53E4160813DF8FA000B93237 /* Supporting Files */ = {
			isa = PBXGroup;
			children = (
				53E4160913DF8FA000B93237 /* Kotoba-Info.plist */,
				53E4160A13DF8FA000B93237 /* InfoPlist.strings */,
				53E4160D13DF8FA000B93237 /* main.m */,
				53E4160F13DF8FA000B93237 /* Kotoba-Prefix.pch */,
			);
			name = "Supporting Files";
			sourceTree = "<group>";
		};
		53E4162913DF8FA000B93237 /* KotobaTests */ = {
			isa = PBXGroup;
			children = (
				53BBF40A14048E9D00F3DAD2 /* WordGameTest.h */,
				53BBF40B14048E9D00F3DAD2 /* WordGameTest.m */,
				53E4162A13DF8FA000B93237 /* Supporting Files */,
			);
			path = KotobaTests;
			sourceTree = "<group>";
		};
		53E4162A13DF8FA000B93237 /* Supporting Files */ = {
			isa = PBXGroup;
			children = (
				53E4162B13DF8FA000B93237 /* KotobaTests-Info.plist */,
				53E4162C13DF8FA000B93237 /* InfoPlist.strings */,
			);
			name = "Supporting Files";
			sourceTree = "<group>";
		};
/* End PBXGroup section */

/* Begin PBXNativeTarget section */
		53D10DE9140B345C00713B64 /* KotobaLogicTests */ = {
			isa = PBXNativeTarget;
			buildConfigurationList = 53D10DFA140B345C00713B64 /* Build configuration list for PBXNativeTarget "KotobaLogicTests" */;
			buildPhases = (
				53D10DE5140B345C00713B64 /* Sources */,
				53D10DE6140B345C00713B64 /* Frameworks */,
				53D10DE7140B345C00713B64 /* Resources */,
				53D10DE8140B345C00713B64 /* ShellScript */,
			);
			buildRules = (
			);
			dependencies = (
			);
			name = KotobaLogicTests;
			productName = KotobaLogicTests;
			productReference = 53D10DEA140B345C00713B64 /* KotobaLogicTests.octest */;
			productType = "com.apple.product-type.bundle";
		};
		53E415FC13DF8F9F00B93237 /* Kotoba */ = {
			isa = PBXNativeTarget;
			buildConfigurationList = 53E4163513DF8FA000B93237 /* Build configuration list for PBXNativeTarget "Kotoba" */;
			buildPhases = (
				53E415F913DF8F9F00B93237 /* Sources */,
				53E415FA13DF8F9F00B93237 /* Frameworks */,
				53E415FB13DF8F9F00B93237 /* Resources */,
			);
			buildRules = (
			);
			dependencies = (
			);
			name = Kotoba;
			productName = Kotoba;
			productReference = 53E415FD13DF8FA000B93237 /* Kotoba.app */;
			productType = "com.apple.product-type.application";
		};
		53E4162013DF8FA000B93237 /* KotobaTests */ = {
			isa = PBXNativeTarget;
			buildConfigurationList = 53E4163813DF8FA000B93237 /* Build configuration list for PBXNativeTarget "KotobaTests" */;
			buildPhases = (
				53E4161C13DF8FA000B93237 /* Sources */,
				53E4161D13DF8FA000B93237 /* Frameworks */,
				53E4161E13DF8FA000B93237 /* Resources */,
				53E4161F13DF8FA000B93237 /* ShellScript */,
			);
			buildRules = (
			);
			dependencies = (
				53E4162813DF8FA000B93237 /* PBXTargetDependency */,
			);
			name = KotobaTests;
			productName = KotobaTests;
			productReference = 53E4162113DF8FA000B93237 /* KotobaTests.octest */;
			productType = "com.apple.product-type.bundle";
		};
/* End PBXNativeTarget section */

/* Begin PBXProject section */
		53E415F413DF8F9F00B93237 /* Project object */ = {
			isa = PBXProject;
			attributes = {
				LastUpgradeCheck = 0420;
				ORGANIZATIONNAME = P2D;
			};
			buildConfigurationList = 53E415F713DF8F9F00B93237 /* Build configuration list for PBXProject "Kotoba" */;
			compatibilityVersion = "Xcode 3.2";
			developmentRegion = English;
			hasScannedForEncodings = 0;
			knownRegions = (
				en,
				pt,
			);
			mainGroup = 53E415F213DF8F9F00B93237;
			productRefGroup = 53E415FE13DF8FA000B93237 /* Products */;
			projectDirPath = "";
			projectRoot = "";
			targets = (
				53E415FC13DF8F9F00B93237 /* Kotoba */,
				53D10DE9140B345C00713B64 /* KotobaLogicTests */,
				53E4162013DF8FA000B93237 /* KotobaTests */,
			);
		};
/* End PBXProject section */

/* Begin PBXResourcesBuildPhase section */
		53D10DE7140B345C00713B64 /* Resources */ = {
			isa = PBXResourcesBuildPhase;
			buildActionMask = 2147483647;
			files = (
				53D10DF3140B345C00713B64 /* InfoPlist.strings in Resources */,
			);
			runOnlyForDeploymentPostprocessing = 0;
		};
		53E415FB13DF8F9F00B93237 /* Resources */ = {
			isa = PBXResourcesBuildPhase;
			buildActionMask = 2147483647;
			files = (
				53E4160C13DF8FA000B93237 /* InfoPlist.strings in Resources */,
				53E4161513DF8FA000B93237 /* MainStoryboard_iPhone.storyboard in Resources */,
				53E4161813DF8FA000B93237 /* MainStoryboard_iPad.storyboard in Resources */,
				53AE38B113FB036300DA2753 /* web_57x57.png in Resources */,
				53AE38B413FB03A200DA2753 /* web_114x114.png in Resources */,
			);
			runOnlyForDeploymentPostprocessing = 0;
		};
		53E4161E13DF8FA000B93237 /* Resources */ = {
			isa = PBXResourcesBuildPhase;
			buildActionMask = 2147483647;
			files = (
				53E4162E13DF8FA000B93237 /* InfoPlist.strings in Resources */,
			);
			runOnlyForDeploymentPostprocessing = 0;
		};
/* End PBXResourcesBuildPhase section */

/* Begin PBXShellScriptBuildPhase section */
		53D10DE8140B345C00713B64 /* ShellScript */ = {
			isa = PBXShellScriptBuildPhase;
			buildActionMask = 2147483647;
			files = (
			);
			inputPaths = (
			);
			outputPaths = (
			);
			runOnlyForDeploymentPostprocessing = 0;
			shellPath = /bin/sh;
			shellScript = "# Run the unit tests in this test bundle.\n\"${SYSTEM_DEVELOPER_DIR}/Tools/RunUnitTests\"\n";
		};
		53E4161F13DF8FA000B93237 /* ShellScript */ = {
			isa = PBXShellScriptBuildPhase;
			buildActionMask = 2147483647;
			files = (
			);
			inputPaths = (
			);
			outputPaths = (
			);
			runOnlyForDeploymentPostprocessing = 0;
			shellPath = /bin/sh;
			shellScript = "# Run the unit tests in this test bundle.\n\"${SYSTEM_DEVELOPER_DIR}/Tools/RunUnitTests\"\n";
		};
/* End PBXShellScriptBuildPhase section */

/* Begin PBXSourcesBuildPhase section */
		53D10DE5140B345C00713B64 /* Sources */ = {
			isa = PBXSourcesBuildPhase;
			buildActionMask = 2147483647;
			files = (
				538BA780140B3687008C2C22 /* WordRepositoryTest.m in Sources */,
				538BA781140B368C008C2C22 /* WordStub.m in Sources */,
				538BA785140B36DD008C2C22 /* Word.m in Sources */,
				538BA786140B36E2008C2C22 /* WordRepository.m in Sources */,
			);
			runOnlyForDeploymentPostprocessing = 0;
		};
		53E415F913DF8F9F00B93237 /* Sources */ = {
			isa = PBXSourcesBuildPhase;
			buildActionMask = 2147483647;
			files = (
				53E4160E13DF8FA000B93237 /* main.m in Sources */,
				53E4161213DF8FA000B93237 /* KotobaAppDelegate.m in Sources */,
				53E4161B13DF8FA000B93237 /* WordGameViewController.m in Sources */,
				53307F8713E0F87A0056E423 /* Word.m in Sources */,
				538BA784140B36A1008C2C22 /* WordRepository.m in Sources */,
			);
			runOnlyForDeploymentPostprocessing = 0;
		};
		53E4161C13DF8FA000B93237 /* Sources */ = {
			isa = PBXSourcesBuildPhase;
			buildActionMask = 2147483647;
			files = (
				53BBF40C14048E9D00F3DAD2 /* WordGameTest.m in Sources */,
				538BA787140B3763008C2C22 /* WordStub.m in Sources */,
				538BA788140B3769008C2C22 /* Word.m in Sources */,
				538BA789140B377E008C2C22 /* WordRepository.m in Sources */,
			);
			runOnlyForDeploymentPostprocessing = 0;
		};
/* End PBXSourcesBuildPhase section */

/* Begin PBXTargetDependency section */
		53E4162813DF8FA000B93237 /* PBXTargetDependency */ = {
			isa = PBXTargetDependency;
			target = 53E415FC13DF8F9F00B93237 /* Kotoba */;
			targetProxy = 53E4162713DF8FA000B93237 /* PBXContainerItemProxy */;
		};
/* End PBXTargetDependency section */

/* Begin PBXVariantGroup section */
		53D10DF1140B345C00713B64 /* InfoPlist.strings */ = {
			isa = PBXVariantGroup;
			children = (
				53D10DF2140B345C00713B64 /* en */,
			);
			name = InfoPlist.strings;
			sourceTree = "<group>";
		};
		53E4160A13DF8FA000B93237 /* InfoPlist.strings */ = {
			isa = PBXVariantGroup;
			children = (
				53E4160B13DF8FA000B93237 /* en */,
			);
			name = InfoPlist.strings;
			sourceTree = "<group>";
		};
		53E4161313DF8FA000B93237 /* MainStoryboard_iPhone.storyboard */ = {
			isa = PBXVariantGroup;
			children = (
				53E4161413DF8FA000B93237 /* en */,
				53D2F601140DC1F3006D4AFE /* pt */,
			);
			name = MainStoryboard_iPhone.storyboard;
			sourceTree = "<group>";
		};
		53E4161613DF8FA000B93237 /* MainStoryboard_iPad.storyboard */ = {
			isa = PBXVariantGroup;
			children = (
				53E4161713DF8FA000B93237 /* en */,
				53D2F602140DC28F006D4AFE /* pt */,
			);
			name = MainStoryboard_iPad.storyboard;
			sourceTree = "<group>";
		};
		53E4162C13DF8FA000B93237 /* InfoPlist.strings */ = {
			isa = PBXVariantGroup;
			children = (
				53E4162D13DF8FA000B93237 /* en */,
			);
			name = InfoPlist.strings;
			sourceTree = "<group>";
		};
/* End PBXVariantGroup section */

/* Begin XCBuildConfiguration section */
		53D10DF8140B345C00713B64 /* Debug */ = {
			isa = XCBuildConfiguration;
			buildSettings = {
				FRAMEWORK_SEARCH_PATHS = (
					"$(SDKROOT)/Developer/Library/Frameworks",
					"$(DEVELOPER_LIBRARY_DIR)/Frameworks",
				);
				GCC_PRECOMPILE_PREFIX_HEADER = YES;
				GCC_PREFIX_HEADER = "KotobaLogicTests/KotobaLogicTests-Prefix.pch";
				INFOPLIST_FILE = "KotobaLogicTests/KotobaLogicTests-Info.plist";
				PRODUCT_NAME = "$(TARGET_NAME)";
				WRAPPER_EXTENSION = octest;
			};
			name = Debug;
		};
		53D10DF9140B345C00713B64 /* Release */ = {
			isa = XCBuildConfiguration;
			buildSettings = {
				FRAMEWORK_SEARCH_PATHS = (
					"$(SDKROOT)/Developer/Library/Frameworks",
					"$(DEVELOPER_LIBRARY_DIR)/Frameworks",
				);
				GCC_PRECOMPILE_PREFIX_HEADER = YES;
				GCC_PREFIX_HEADER = "KotobaLogicTests/KotobaLogicTests-Prefix.pch";
				INFOPLIST_FILE = "KotobaLogicTests/KotobaLogicTests-Info.plist";
				PRODUCT_NAME = "$(TARGET_NAME)";
				WRAPPER_EXTENSION = octest;
			};
			name = Release;
		};
		53E4163313DF8FA000B93237 /* Debug */ = {
			isa = XCBuildConfiguration;
			buildSettings = {
				ALWAYS_SEARCH_USER_PATHS = NO;
				ARCHS = "$(ARCHS_STANDARD_32_BIT)";
				CLANG_ENABLE_OBJC_ARC = YES;
				"CODE_SIGN_IDENTITY[sdk=iphoneos5.0]" = "iPhone Developer";
				COPY_PHASE_STRIP = NO;
				GCC_C_LANGUAGE_STANDARD = gnu99;
				GCC_DYNAMIC_NO_PIC = NO;
				GCC_OPTIMIZATION_LEVEL = 0;
				GCC_PREPROCESSOR_DEFINITIONS = (
					"DEBUG=1",
					"$(inherited)",
				);
				GCC_SYMBOLS_PRIVATE_EXTERN = NO;
				GCC_VERSION = com.apple.compilers.llvm.clang.1_0;
				GCC_WARN_ABOUT_MISSING_PROTOTYPES = YES;
				GCC_WARN_ABOUT_RETURN_TYPE = YES;
				GCC_WARN_UNUSED_VARIABLE = YES;
				IPHONEOS_DEPLOYMENT_TARGET = 5.0;
				SDKROOT = iphoneos;
				TARGETED_DEVICE_FAMILY = "1,2";
			};
			name = Debug;
		};
		53E4163413DF8FA000B93237 /* Release */ = {
			isa = XCBuildConfiguration;
			buildSettings = {
				ALWAYS_SEARCH_USER_PATHS = NO;
				ARCHS = "$(ARCHS_STANDARD_32_BIT)";
				CLANG_ENABLE_OBJC_ARC = YES;
				"CODE_SIGN_IDENTITY[sdk=iphoneos5.0]" = "iPhone Developer";
				COPY_PHASE_STRIP = YES;
				GCC_C_LANGUAGE_STANDARD = gnu99;
				GCC_VERSION = com.apple.compilers.llvm.clang.1_0;
				GCC_WARN_ABOUT_MISSING_PROTOTYPES = YES;
				GCC_WARN_ABOUT_RETURN_TYPE = YES;
				GCC_WARN_UNUSED_VARIABLE = YES;
				IPHONEOS_DEPLOYMENT_TARGET = 5.0;
				OTHER_CFLAGS = "-DNS_BLOCK_ASSERTIONS=1";
				SDKROOT = iphoneos;
				TARGETED_DEVICE_FAMILY = "1,2";
				VALIDATE_PRODUCT = YES;
			};
			name = Release;
		};
		53E4163613DF8FA000B93237 /* Debug */ = {
			isa = XCBuildConfiguration;
			buildSettings = {
				GCC_PRECOMPILE_PREFIX_HEADER = YES;
				GCC_PREFIX_HEADER = "Kotoba/Kotoba-Prefix.pch";
				INFOPLIST_FILE = "Kotoba/Kotoba-Info.plist";
				PRODUCT_NAME = "$(TARGET_NAME)";
				WRAPPER_EXTENSION = app;
			};
			name = Debug;
		};
		53E4163713DF8FA000B93237 /* Release */ = {
			isa = XCBuildConfiguration;
			buildSettings = {
				GCC_PRECOMPILE_PREFIX_HEADER = YES;
				GCC_PREFIX_HEADER = "Kotoba/Kotoba-Prefix.pch";
				INFOPLIST_FILE = "Kotoba/Kotoba-Info.plist";
				PRODUCT_NAME = "$(TARGET_NAME)";
				WRAPPER_EXTENSION = app;
			};
			name = Release;
		};
		53E4163913DF8FA000B93237 /* Debug */ = {
			isa = XCBuildConfiguration;
			buildSettings = {
				BUNDLE_LOADER = "$(BUILT_PRODUCTS_DIR)/Kotoba.app/Kotoba";
				FRAMEWORK_SEARCH_PATHS = (
					"$(SDKROOT)/Developer/Library/Frameworks",
					"$(DEVELOPER_LIBRARY_DIR)/Frameworks",
				);
				GCC_PRECOMPILE_PREFIX_HEADER = YES;
				GCC_PREFIX_HEADER = "Kotoba/Kotoba-Prefix.pch";
				INFOPLIST_FILE = "KotobaTests/KotobaTests-Info.plist";
				PRODUCT_NAME = "$(TARGET_NAME)";
				TEST_AFTER_BUILD = NO;
				TEST_HOST = "$(BUNDLE_LOADER)";
				WRAPPER_EXTENSION = octest;
			};
			name = Debug;
		};
		53E4163A13DF8FA000B93237 /* Release */ = {
			isa = XCBuildConfiguration;
			buildSettings = {
				BUNDLE_LOADER = "$(BUILT_PRODUCTS_DIR)/Kotoba.app/Kotoba";
				FRAMEWORK_SEARCH_PATHS = (
					"$(SDKROOT)/Developer/Library/Frameworks",
					"$(DEVELOPER_LIBRARY_DIR)/Frameworks",
				);
				GCC_PRECOMPILE_PREFIX_HEADER = YES;
				GCC_PREFIX_HEADER = "Kotoba/Kotoba-Prefix.pch";
				INFOPLIST_FILE = "KotobaTests/KotobaTests-Info.plist";
				PRODUCT_NAME = "$(TARGET_NAME)";
				TEST_AFTER_BUILD = NO;
				TEST_HOST = "$(BUNDLE_LOADER)";
				WRAPPER_EXTENSION = octest;
			};
			name = Release;
		};
/* End XCBuildConfiguration section */

/* Begin XCConfigurationList section */
		53D10DFA140B345C00713B64 /* Build configuration list for PBXNativeTarget "KotobaLogicTests" */ = {
			isa = XCConfigurationList;
			buildConfigurations = (
				53D10DF8140B345C00713B64 /* Debug */,
				53D10DF9140B345C00713B64 /* Release */,
			);
			defaultConfigurationIsVisible = 0;
			defaultConfigurationName = Release;
		};
		53E415F713DF8F9F00B93237 /* Build configuration list for PBXProject "Kotoba" */ = {
			isa = XCConfigurationList;
			buildConfigurations = (
				53E4163313DF8FA000B93237 /* Debug */,
				53E4163413DF8FA000B93237 /* Release */,
			);
			defaultConfigurationIsVisible = 0;
			defaultConfigurationName = Release;
		};
		53E4163513DF8FA000B93237 /* Build configuration list for PBXNativeTarget "Kotoba" */ = {
			isa = XCConfigurationList;
			buildConfigurations = (
				53E4163613DF8FA000B93237 /* Debug */,
				53E4163713DF8FA000B93237 /* Release */,
			);
			defaultConfigurationIsVisible = 0;
			defaultConfigurationName = Release;
		};
		53E4163813DF8FA000B93237 /* Build configuration list for PBXNativeTarget "KotobaTests" */ = {
			isa = XCConfigurationList;
			buildConfigurations = (
				53E4163913DF8FA000B93237 /* Debug */,
				53E4163A13DF8FA000B93237 /* Release */,
			);
			defaultConfigurationIsVisible = 0;
			defaultConfigurationName = Release;
		};
/* End XCConfigurationList section */
	};
	rootObject = 53E415F413DF8F9F00B93237 /* Project object */;
}
