// !$*UTF8*$!
{
	archiveVersion = 1;
	classes = {
	};
	objectVersion = 46;
	objects = {

/* Begin PBXBuildFile section */
		532F7A5615004CC70013BD3A /* EditQuestionController.m in Sources */ = {isa = PBXBuildFile; fileRef = 532F7A5515004CC70013BD3A /* EditQuestionController.m */; };
		532F7A5715004CC70013BD3A /* EditQuestionController.m in Sources */ = {isa = PBXBuildFile; fileRef = 532F7A5515004CC70013BD3A /* EditQuestionController.m */; };
		53388F4C151044E4001A94CF /* QuestionDAO.m in Sources */ = {isa = PBXBuildFile; fileRef = 53388F4B151044E4001A94CF /* QuestionDAO.m */; };
		53388F4D151044E4001A94CF /* QuestionDAO.m in Sources */ = {isa = PBXBuildFile; fileRef = 53388F4B151044E4001A94CF /* QuestionDAO.m */; };
		53388F521510460D001A94CF /* QuestionDAOTest.m in Sources */ = {isa = PBXBuildFile; fileRef = 53388F511510460D001A94CF /* QuestionDAOTest.m */; };
		5345EFB615106AB700509B94 /* libInternIOS-simulator.a in Frameworks */ = {isa = PBXBuildFile; fileRef = 5345EFB015106AB700509B94 /* libInternIOS-simulator.a */; };
		5345EFB715106AB700509B94 /* libInternIOS-simulator.a in Frameworks */ = {isa = PBXBuildFile; fileRef = 5345EFB015106AB700509B94 /* libInternIOS-simulator.a */; };
		5345EFB815106AB700509B94 /* libInternIOS.a in Frameworks */ = {isa = PBXBuildFile; fileRef = 5345EFB115106AB700509B94 /* libInternIOS.a */; };
		5345EFBE15106ACA00509B94 /* libInternIOSTest.a in Frameworks */ = {isa = PBXBuildFile; fileRef = 5345EFBC15106ACA00509B94 /* libInternIOSTest.a */; };
		53543B8314F7158100326078 /* web_57x57.png in Resources */ = {isa = PBXBuildFile; fileRef = 53543B8214F7158100326078 /* web_57x57.png */; };
		53543B8514F7159800326078 /* web_114x114.png in Resources */ = {isa = PBXBuildFile; fileRef = 53543B8414F7159800326078 /* web_114x114.png */; };
		53543B8714F715C700326078 /* ic_launcher.png in Resources */ = {isa = PBXBuildFile; fileRef = 53543B8614F715C700326078 /* ic_launcher.png */; };
		5363E282158F08F500CE23F8 /* questionScreens.js in Sources */ = {isa = PBXBuildFile; fileRef = 5363E281158F08F500CE23F8 /* questionScreens.js */; };
		5363E284158F0C5700CE23F8 /* utils.js in Sources */ = {isa = PBXBuildFile; fileRef = 5363E283158F0C5700CE23F8 /* utils.js */; };
		537BC59114E330F90083E0E4 /* OldQuestion.m in Sources */ = {isa = PBXBuildFile; fileRef = 537BC59014E330F90083E0E4 /* OldQuestion.m */; };
		53A4F0301562DF1F002AA824 /* ci.js in Sources */ = {isa = PBXBuildFile; fileRef = 53A4F02F1562DF1F002AA824 /* ci.js */; };
		53A5926A142E787700C4CE55 /* iPhone.storyboard in Resources */ = {isa = PBXBuildFile; fileRef = 53A59269142E787700C4CE55 /* iPhone.storyboard */; };
		53A59271142E799100C4CE55 /* QuestionGameController.m in Sources */ = {isa = PBXBuildFile; fileRef = 53A59270142E799100C4CE55 /* QuestionGameController.m */; };
		53A59273142E7B6A00C4CE55 /* iPad.storyboard in Resources */ = {isa = PBXBuildFile; fileRef = 53A59272142E7B6A00C4CE55 /* iPad.storyboard */; };
		53B12A6E14E76716005762A0 /* UIKit.framework in Frameworks */ = {isa = PBXBuildFile; fileRef = 53CB8DFC142E774300518E28 /* UIKit.framework */; };
		53B12A6F14E76716005762A0 /* Foundation.framework in Frameworks */ = {isa = PBXBuildFile; fileRef = 53CB8DFE142E774300518E28 /* Foundation.framework */; };
		53B12A7114E76716005762A0 /* CoreGraphics.framework in Frameworks */ = {isa = PBXBuildFile; fileRef = 53B12A7014E76716005762A0 /* CoreGraphics.framework */; };
		53B12A7714E76716005762A0 /* InfoPlist.strings in Resources */ = {isa = PBXBuildFile; fileRef = 53B12A7514E76716005762A0 /* InfoPlist.strings */; };
		53B12A7914E76716005762A0 /* main.m in Sources */ = {isa = PBXBuildFile; fileRef = 53B12A7814E76716005762A0 /* main.m */; };
		53B12A9314E838BD005762A0 /* GHUnitIOS.framework in Frameworks */ = {isa = PBXBuildFile; fileRef = 53B12A9214E838BD005762A0 /* GHUnitIOS.framework */; };
		53C29E971501AF75007C9734 /* iPhone.storyboard in Resources */ = {isa = PBXBuildFile; fileRef = 53A59269142E787700C4CE55 /* iPhone.storyboard */; };
		53C29EB01501C77A007C9734 /* Kotoba.xcdatamodeld in Sources */ = {isa = PBXBuildFile; fileRef = 53CB8E0E142E774300518E28 /* Kotoba.xcdatamodeld */; };
		53C29EB91502AEF8007C9734 /* libOCMock.a in Frameworks */ = {isa = PBXBuildFile; fileRef = 53C29EB21502AEF7007C9734 /* libOCMock.a */; };
		53C29EBC1502B741007C9734 /* ListQuestionsControllerTest.m in Sources */ = {isa = PBXBuildFile; fileRef = 53C29EBB1502B741007C9734 /* ListQuestionsControllerTest.m */; };
		53C29EC51502F3F7007C9734 /* ListQuestionsController.m in Sources */ = {isa = PBXBuildFile; fileRef = 53C29EC41502F3F7007C9734 /* ListQuestionsController.m */; };
		53C29EC61502F3F7007C9734 /* ListQuestionsController.m in Sources */ = {isa = PBXBuildFile; fileRef = 53C29EC41502F3F7007C9734 /* ListQuestionsController.m */; };
		53C29EC91502FBF9007C9734 /* QuestionGameControllerTest.m in Sources */ = {isa = PBXBuildFile; fileRef = 53C29EC81502FBF9007C9734 /* QuestionGameControllerTest.m */; };
		53C29ECA1502FE1A007C9734 /* QuestionGameController.m in Sources */ = {isa = PBXBuildFile; fileRef = 53A59270142E799100C4CE55 /* QuestionGameController.m */; };
		53C29ECB1502FEBD007C9734 /* OldQuestion.m in Sources */ = {isa = PBXBuildFile; fileRef = 537BC59014E330F90083E0E4 /* OldQuestion.m */; };
		53C29F361505AAFD007C9734 /* Intern.strings in Resources */ = {isa = PBXBuildFile; fileRef = 53C29F321505AAFD007C9734 /* Intern.strings */; };
		53C29F371505AAFD007C9734 /* Alerts.strings in Resources */ = {isa = PBXBuildFile; fileRef = 53C29F341505AAFD007C9734 /* Alerts.strings */; };
		53CB8DFD142E774300518E28 /* UIKit.framework in Frameworks */ = {isa = PBXBuildFile; fileRef = 53CB8DFC142E774300518E28 /* UIKit.framework */; };
		53CB8DFF142E774300518E28 /* Foundation.framework in Frameworks */ = {isa = PBXBuildFile; fileRef = 53CB8DFE142E774300518E28 /* Foundation.framework */; };
		53CB8E01142E774300518E28 /* CoreData.framework in Frameworks */ = {isa = PBXBuildFile; fileRef = 53CB8E00142E774300518E28 /* CoreData.framework */; };
		53CB8E07142E774300518E28 /* InfoPlist.strings in Resources */ = {isa = PBXBuildFile; fileRef = 53CB8E05142E774300518E28 /* InfoPlist.strings */; };
		53CB8E09142E774300518E28 /* main.m in Sources */ = {isa = PBXBuildFile; fileRef = 53CB8E08142E774300518E28 /* main.m */; };
		53CB8E0D142E774300518E28 /* AppDelegate.m in Sources */ = {isa = PBXBuildFile; fileRef = 53CB8E0C142E774300518E28 /* AppDelegate.m */; };
		53CB8E10142E774300518E28 /* Kotoba.xcdatamodeld in Sources */ = {isa = PBXBuildFile; fileRef = 53CB8E0E142E774300518E28 /* Kotoba.xcdatamodeld */; };
		53CBAFBE15018EFA00728A7D /* EditQuestionControllerTest.m in Sources */ = {isa = PBXBuildFile; fileRef = 53CBAFBD15018EFA00728A7D /* EditQuestionControllerTest.m */; };
		53D7E9C115002F6800D367EC /* CoreGraphics.framework in Frameworks */ = {isa = PBXBuildFile; fileRef = 53B12A7014E76716005762A0 /* CoreGraphics.framework */; };
		53D7E9C2150033B000D367EC /* CoreData.framework in Frameworks */ = {isa = PBXBuildFile; fileRef = 53CB8E00142E774300518E28 /* CoreData.framework */; };
		53D7E9C51500345300D367EC /* Question.m in Sources */ = {isa = PBXBuildFile; fileRef = 53D7E9C41500345200D367EC /* Question.m */; };
		53D7E9C61500345300D367EC /* Question.m in Sources */ = {isa = PBXBuildFile; fileRef = 53D7E9C41500345200D367EC /* Question.m */; };
		53D7E9D015003ADA00D367EC /* InfoPlist.strings in Resources */ = {isa = PBXBuildFile; fileRef = 53D7E9CC15003ADA00D367EC /* InfoPlist.strings */; };
		53D7E9D115003ADA00D367EC /* Localizable.strings in Resources */ = {isa = PBXBuildFile; fileRef = 53D7E9CE15003ADA00D367EC /* Localizable.strings */; };
		53D7E9DE15003C4600D367EC /* UI.strings in Resources */ = {isa = PBXBuildFile; fileRef = 53D7E9DC15003C4600D367EC /* UI.strings */; };
/* End PBXBuildFile section */

/* Begin PBXFileReference section */
		532F7A5415004CC70013BD3A /* EditQuestionController.h */ = {isa = PBXFileReference; fileEncoding = 4; lastKnownFileType = sourcecode.c.h; path = EditQuestionController.h; sourceTree = "<group>"; };
		532F7A5515004CC70013BD3A /* EditQuestionController.m */ = {isa = PBXFileReference; fileEncoding = 4; lastKnownFileType = sourcecode.c.objc; path = EditQuestionController.m; sourceTree = "<group>"; };
		53388F4A151044E4001A94CF /* QuestionDAO.h */ = {isa = PBXFileReference; fileEncoding = 4; lastKnownFileType = sourcecode.c.h; path = QuestionDAO.h; sourceTree = "<group>"; };
		53388F4B151044E4001A94CF /* QuestionDAO.m */ = {isa = PBXFileReference; fileEncoding = 4; lastKnownFileType = sourcecode.c.objc; path = QuestionDAO.m; sourceTree = "<group>"; };
		53388F511510460D001A94CF /* QuestionDAOTest.m */ = {isa = PBXFileReference; fileEncoding = 4; lastKnownFileType = sourcecode.c.objc; path = QuestionDAOTest.m; sourceTree = "<group>"; };
		5345EFAB15106AB700509B94 /* AlertHelper.h */ = {isa = PBXFileReference; fileEncoding = 4; lastKnownFileType = sourcecode.c.h; path = AlertHelper.h; sourceTree = "<group>"; };
		5345EFAC15106AB700509B94 /* BaseTableViewController.h */ = {isa = PBXFileReference; fileEncoding = 4; lastKnownFileType = sourcecode.c.h; path = BaseTableViewController.h; sourceTree = "<group>"; };
		5345EFAD15106AB700509B94 /* CircularItemCursor.h */ = {isa = PBXFileReference; fileEncoding = 4; lastKnownFileType = sourcecode.c.h; path = CircularItemCursor.h; sourceTree = "<group>"; };
		5345EFAE15106AB700509B94 /* DataManager.h */ = {isa = PBXFileReference; fileEncoding = 4; lastKnownFileType = sourcecode.c.h; path = DataManager.h; sourceTree = "<group>"; };
		5345EFAF15106AB700509B94 /* DataManagerDelegate.h */ = {isa = PBXFileReference; fileEncoding = 4; lastKnownFileType = sourcecode.c.h; path = DataManagerDelegate.h; sourceTree = "<group>"; };
		5345EFB015106AB700509B94 /* libInternIOS-simulator.a */ = {isa = PBXFileReference; lastKnownFileType = archive.ar; path = "libInternIOS-simulator.a"; sourceTree = "<group>"; };
		5345EFB115106AB700509B94 /* libInternIOS.a */ = {isa = PBXFileReference; lastKnownFileType = archive.ar; path = libInternIOS.a; sourceTree = "<group>"; };
		5345EFB215106AB700509B94 /* PreConditions.h */ = {isa = PBXFileReference; fileEncoding = 4; lastKnownFileType = sourcecode.c.h; path = PreConditions.h; sourceTree = "<group>"; };
		5345EFB315106AB700509B94 /* RandomIterator.h */ = {isa = PBXFileReference; fileEncoding = 4; lastKnownFileType = sourcecode.c.h; path = RandomIterator.h; sourceTree = "<group>"; };
		5345EFB415106AB700509B94 /* Stack.h */ = {isa = PBXFileReference; fileEncoding = 4; lastKnownFileType = sourcecode.c.h; path = Stack.h; sourceTree = "<group>"; };
		5345EFB515106AB700509B94 /* UIPlaceHolderTextView.h */ = {isa = PBXFileReference; fileEncoding = 4; lastKnownFileType = sourcecode.c.h; path = UIPlaceHolderTextView.h; sourceTree = "<group>"; };
		5345EFBB15106ACA00509B94 /* DataManagerBaseTest.h */ = {isa = PBXFileReference; fileEncoding = 4; lastKnownFileType = sourcecode.c.h; path = DataManagerBaseTest.h; sourceTree = "<group>"; };
		5345EFBC15106ACA00509B94 /* libInternIOSTest.a */ = {isa = PBXFileReference; lastKnownFileType = archive.ar; path = libInternIOSTest.a; sourceTree = "<group>"; };
		5345EFBD15106ACA00509B94 /* ViewHelper.h */ = {isa = PBXFileReference; fileEncoding = 4; lastKnownFileType = sourcecode.c.h; path = ViewHelper.h; sourceTree = "<group>"; };
		53543B8214F7158100326078 /* web_57x57.png */ = {isa = PBXFileReference; lastKnownFileType = image.png; path = web_57x57.png; sourceTree = "<group>"; };
		53543B8414F7159800326078 /* web_114x114.png */ = {isa = PBXFileReference; lastKnownFileType = image.png; path = web_114x114.png; sourceTree = "<group>"; };
		53543B8614F715C700326078 /* ic_launcher.png */ = {isa = PBXFileReference; lastKnownFileType = image.png; path = ic_launcher.png; sourceTree = "<group>"; };
		5363E281158F08F500CE23F8 /* questionScreens.js */ = {isa = PBXFileReference; fileEncoding = 4; lastKnownFileType = sourcecode.javascript; path = questionScreens.js; sourceTree = "<group>"; };
		5363E283158F0C5700CE23F8 /* utils.js */ = {isa = PBXFileReference; fileEncoding = 4; lastKnownFileType = sourcecode.javascript; path = utils.js; sourceTree = "<group>"; };
		537BC58F14E330F90083E0E4 /* OldQuestion.h */ = {isa = PBXFileReference; fileEncoding = 4; lastKnownFileType = sourcecode.c.h; path = OldQuestion.h; sourceTree = "<group>"; };
		537BC59014E330F90083E0E4 /* OldQuestion.m */ = {isa = PBXFileReference; fileEncoding = 4; lastKnownFileType = sourcecode.c.objc; path = OldQuestion.m; sourceTree = "<group>"; };
		53A4F02F1562DF1F002AA824 /* ci.js */ = {isa = PBXFileReference; fileEncoding = 4; lastKnownFileType = sourcecode.javascript; path = ci.js; sourceTree = "<group>"; };
		53A59269142E787700C4CE55 /* iPhone.storyboard */ = {isa = PBXFileReference; fileEncoding = 4; lastKnownFileType = file.storyboard; path = iPhone.storyboard; sourceTree = "<group>"; };
		53A5926F142E799100C4CE55 /* QuestionGameController.h */ = {isa = PBXFileReference; fileEncoding = 4; lastKnownFileType = sourcecode.c.h; path = QuestionGameController.h; sourceTree = "<group>"; };
		53A59270142E799100C4CE55 /* QuestionGameController.m */ = {isa = PBXFileReference; fileEncoding = 4; lastKnownFileType = sourcecode.c.objc; path = QuestionGameController.m; sourceTree = "<group>"; };
		53A59272142E7B6A00C4CE55 /* iPad.storyboard */ = {isa = PBXFileReference; fileEncoding = 4; lastKnownFileType = file.storyboard; path = iPad.storyboard; sourceTree = "<group>"; };
		53B12A6C14E76716005762A0 /* UnitTests.app */ = {isa = PBXFileReference; explicitFileType = wrapper.application; includeInIndex = 0; path = UnitTests.app; sourceTree = BUILT_PRODUCTS_DIR; };
		53B12A7014E76716005762A0 /* CoreGraphics.framework */ = {isa = PBXFileReference; lastKnownFileType = wrapper.framework; name = CoreGraphics.framework; path = System/Library/Frameworks/CoreGraphics.framework; sourceTree = SDKROOT; };
		53B12A7414E76716005762A0 /* UnitTests-Info.plist */ = {isa = PBXFileReference; lastKnownFileType = text.plist.xml; path = "UnitTests-Info.plist"; sourceTree = "<group>"; };
		53B12A7614E76716005762A0 /* en */ = {isa = PBXFileReference; lastKnownFileType = text.plist.strings; name = en; path = en.lproj/InfoPlist.strings; sourceTree = "<group>"; };
		53B12A7814E76716005762A0 /* main.m */ = {isa = PBXFileReference; lastKnownFileType = sourcecode.c.objc; path = main.m; sourceTree = "<group>"; };
		53B12A7A14E76716005762A0 /* UnitTests-Prefix.pch */ = {isa = PBXFileReference; lastKnownFileType = sourcecode.c.h; path = "UnitTests-Prefix.pch"; sourceTree = "<group>"; };
		53B12A9214E838BD005762A0 /* GHUnitIOS.framework */ = {isa = PBXFileReference; lastKnownFileType = wrapper.framework; name = GHUnitIOS.framework; path = lib/GHUnitIOS.framework; sourceTree = "<group>"; };
		53C29EB21502AEF7007C9734 /* libOCMock.a */ = {isa = PBXFileReference; lastKnownFileType = archive.ar; path = libOCMock.a; sourceTree = "<group>"; };
		53C29EB31502AEF7007C9734 /* NSNotificationCenter+OCMAdditions.h */ = {isa = PBXFileReference; fileEncoding = 4; lastKnownFileType = sourcecode.c.h; path = "NSNotificationCenter+OCMAdditions.h"; sourceTree = "<group>"; };
		53C29EB41502AEF7007C9734 /* OCMArg.h */ = {isa = PBXFileReference; fileEncoding = 4; lastKnownFileType = sourcecode.c.h; path = OCMArg.h; sourceTree = "<group>"; };
		53C29EB51502AEF7007C9734 /* OCMConstraint.h */ = {isa = PBXFileReference; fileEncoding = 4; lastKnownFileType = sourcecode.c.h; path = OCMConstraint.h; sourceTree = "<group>"; };
		53C29EB61502AEF7007C9734 /* OCMock.h */ = {isa = PBXFileReference; fileEncoding = 4; lastKnownFileType = sourcecode.c.h; path = OCMock.h; sourceTree = "<group>"; };
		53C29EB71502AEF7007C9734 /* OCMockObject.h */ = {isa = PBXFileReference; fileEncoding = 4; lastKnownFileType = sourcecode.c.h; path = OCMockObject.h; sourceTree = "<group>"; };
		53C29EB81502AEF7007C9734 /* OCMockRecorder.h */ = {isa = PBXFileReference; fileEncoding = 4; lastKnownFileType = sourcecode.c.h; path = OCMockRecorder.h; sourceTree = "<group>"; };
		53C29EBB1502B741007C9734 /* ListQuestionsControllerTest.m */ = {isa = PBXFileReference; fileEncoding = 4; lastKnownFileType = sourcecode.c.objc; path = ListQuestionsControllerTest.m; sourceTree = "<group>"; };
		53C29EC31502F3F7007C9734 /* ListQuestionsController.h */ = {isa = PBXFileReference; fileEncoding = 4; lastKnownFileType = sourcecode.c.h; path = ListQuestionsController.h; sourceTree = "<group>"; };
		53C29EC41502F3F7007C9734 /* ListQuestionsController.m */ = {isa = PBXFileReference; fileEncoding = 4; lastKnownFileType = sourcecode.c.objc; path = ListQuestionsController.m; sourceTree = "<group>"; };
		53C29EC81502FBF9007C9734 /* QuestionGameControllerTest.m */ = {isa = PBXFileReference; fileEncoding = 4; lastKnownFileType = sourcecode.c.objc; path = QuestionGameControllerTest.m; sourceTree = "<group>"; };
		53C29F331505AAFD007C9734 /* en */ = {isa = PBXFileReference; lastKnownFileType = text.plist.strings; name = en; path = Intern.strings; sourceTree = "<group>"; };
		53C29F351505AAFD007C9734 /* en */ = {isa = PBXFileReference; lastKnownFileType = text.plist.strings; name = en; path = Alerts.strings; sourceTree = "<group>"; };
		53CB8DF8142E774300518E28 /* Kotoba.app */ = {isa = PBXFileReference; explicitFileType = wrapper.application; includeInIndex = 0; path = Kotoba.app; sourceTree = BUILT_PRODUCTS_DIR; };
		53CB8DFC142E774300518E28 /* UIKit.framework */ = {isa = PBXFileReference; lastKnownFileType = wrapper.framework; name = UIKit.framework; path = System/Library/Frameworks/UIKit.framework; sourceTree = SDKROOT; };
		53CB8DFE142E774300518E28 /* Foundation.framework */ = {isa = PBXFileReference; lastKnownFileType = wrapper.framework; name = Foundation.framework; path = System/Library/Frameworks/Foundation.framework; sourceTree = SDKROOT; };
		53CB8E00142E774300518E28 /* CoreData.framework */ = {isa = PBXFileReference; lastKnownFileType = wrapper.framework; name = CoreData.framework; path = System/Library/Frameworks/CoreData.framework; sourceTree = SDKROOT; };
		53CB8E04142E774300518E28 /* Kotoba-Info.plist */ = {isa = PBXFileReference; lastKnownFileType = text.plist.xml; path = "Kotoba-Info.plist"; sourceTree = "<group>"; };
		53CB8E06142E774300518E28 /* en */ = {isa = PBXFileReference; lastKnownFileType = text.plist.strings; name = en; path = en.lproj/InfoPlist.strings; sourceTree = "<group>"; };
		53CB8E08142E774300518E28 /* main.m */ = {isa = PBXFileReference; lastKnownFileType = sourcecode.c.objc; path = main.m; sourceTree = "<group>"; };
		53CB8E0A142E774300518E28 /* Kotoba-Prefix.pch */ = {isa = PBXFileReference; lastKnownFileType = sourcecode.c.h; path = "Kotoba-Prefix.pch"; sourceTree = "<group>"; };
		53CB8E0B142E774300518E28 /* AppDelegate.h */ = {isa = PBXFileReference; lastKnownFileType = sourcecode.c.h; path = AppDelegate.h; sourceTree = "<group>"; };
		53CB8E0C142E774300518E28 /* AppDelegate.m */ = {isa = PBXFileReference; lastKnownFileType = sourcecode.c.objc; path = AppDelegate.m; sourceTree = "<group>"; };
		53CB8E0F142E774300518E28 /* Kotoba.xcdatamodel */ = {isa = PBXFileReference; lastKnownFileType = wrapper.xcdatamodel; path = Kotoba.xcdatamodel; sourceTree = "<group>"; };
		53CB8E17142E774300518E28 /* SenTestingKit.framework */ = {isa = PBXFileReference; lastKnownFileType = wrapper.framework; name = SenTestingKit.framework; path = Library/Frameworks/SenTestingKit.framework; sourceTree = DEVELOPER_DIR; };
		53CBAFBD15018EFA00728A7D /* EditQuestionControllerTest.m */ = {isa = PBXFileReference; fileEncoding = 4; lastKnownFileType = sourcecode.c.objc; path = EditQuestionControllerTest.m; sourceTree = "<group>"; };
		53D7E9C31500345200D367EC /* Question.h */ = {isa = PBXFileReference; fileEncoding = 4; lastKnownFileType = sourcecode.c.h; path = Question.h; sourceTree = "<group>"; };
		53D7E9C41500345200D367EC /* Question.m */ = {isa = PBXFileReference; fileEncoding = 4; lastKnownFileType = sourcecode.c.objc; path = Question.m; sourceTree = "<group>"; };
		53D7E9CD15003ADA00D367EC /* en */ = {isa = PBXFileReference; lastKnownFileType = text.plist.strings; name = en; path = InfoPlist.strings; sourceTree = "<group>"; };
		53D7E9CF15003ADA00D367EC /* en */ = {isa = PBXFileReference; lastKnownFileType = text.plist.strings; name = en; path = Localizable.strings; sourceTree = "<group>"; };
		53D7E9DD15003C4600D367EC /* en */ = {isa = PBXFileReference; lastKnownFileType = text.plist.strings; name = en; path = UI.strings; sourceTree = "<group>"; };
		53F301E01562B18F00CB511C /* QuestionLifecycle.js */ = {isa = PBXFileReference; lastKnownFileType = sourcecode.javascript; path = QuestionLifecycle.js; sourceTree = "<group>"; };
/* End PBXFileReference section */

/* Begin PBXFrameworksBuildPhase section */
		53B12A6914E76716005762A0 /* Frameworks */ = {
			isa = PBXFrameworksBuildPhase;
			buildActionMask = 2147483647;
			files = (
				53B12A9314E838BD005762A0 /* GHUnitIOS.framework in Frameworks */,
				53B12A6E14E76716005762A0 /* UIKit.framework in Frameworks */,
				53B12A6F14E76716005762A0 /* Foundation.framework in Frameworks */,
				53B12A7114E76716005762A0 /* CoreGraphics.framework in Frameworks */,
				53D7E9C2150033B000D367EC /* CoreData.framework in Frameworks */,
				53C29EB91502AEF8007C9734 /* libOCMock.a in Frameworks */,
				5345EFB715106AB700509B94 /* libInternIOS-simulator.a in Frameworks */,
				5345EFBE15106ACA00509B94 /* libInternIOSTest.a in Frameworks */,
			);
			runOnlyForDeploymentPostprocessing = 0;
		};
		53CB8DF5142E774300518E28 /* Frameworks */ = {
			isa = PBXFrameworksBuildPhase;
			buildActionMask = 2147483647;
			files = (
				53D7E9C115002F6800D367EC /* CoreGraphics.framework in Frameworks */,
				53CB8DFD142E774300518E28 /* UIKit.framework in Frameworks */,
				53CB8DFF142E774300518E28 /* Foundation.framework in Frameworks */,
				53CB8E01142E774300518E28 /* CoreData.framework in Frameworks */,
				5345EFB615106AB700509B94 /* libInternIOS-simulator.a in Frameworks */,
				5345EFB815106AB700509B94 /* libInternIOS.a in Frameworks */,
			);
			runOnlyForDeploymentPostprocessing = 0;
		};
/* End PBXFrameworksBuildPhase section */

/* Begin PBXGroup section */
		53388F48151044CB001A94CF /* domain */ = {
			isa = PBXGroup;
			children = (
				53D7E9C31500345200D367EC /* Question.h */,
				53D7E9C41500345200D367EC /* Question.m */,
				53388F4A151044E4001A94CF /* QuestionDAO.h */,
				53388F4B151044E4001A94CF /* QuestionDAO.m */,
			);
			name = domain;
			sourceTree = "<group>";
		};
		53388F4E151045F0001A94CF /* question */ = {
			isa = PBXGroup;
			children = (
				53388F4F151045F7001A94CF /* domain */,
				53CBAFBD15018EFA00728A7D /* EditQuestionControllerTest.m */,
				53C29EBB1502B741007C9734 /* ListQuestionsControllerTest.m */,
				53C29EC81502FBF9007C9734 /* QuestionGameControllerTest.m */,
			);
			name = question;
			sourceTree = "<group>";
		};
		53388F4F151045F7001A94CF /* domain */ = {
			isa = PBXGroup;
			children = (
				53388F511510460D001A94CF /* QuestionDAOTest.m */,
			);
			name = domain;
			sourceTree = "<group>";
		};
		5345EFAA15106AB700509B94 /* InternIOS */ = {
			isa = PBXGroup;
			children = (
				5345EFAB15106AB700509B94 /* AlertHelper.h */,
				5345EFAC15106AB700509B94 /* BaseTableViewController.h */,
				5345EFAD15106AB700509B94 /* CircularItemCursor.h */,
				5345EFAE15106AB700509B94 /* DataManager.h */,
				5345EFAF15106AB700509B94 /* DataManagerDelegate.h */,
				5345EFB015106AB700509B94 /* libInternIOS-simulator.a */,
				5345EFB115106AB700509B94 /* libInternIOS.a */,
				5345EFB215106AB700509B94 /* PreConditions.h */,
				5345EFB315106AB700509B94 /* RandomIterator.h */,
				5345EFB415106AB700509B94 /* Stack.h */,
				5345EFB515106AB700509B94 /* UIPlaceHolderTextView.h */,
			);
			name = InternIOS;
			path = lib/InternIOS;
			sourceTree = "<group>";
		};
		5345EFBA15106ACA00509B94 /* InternIOSTest */ = {
			isa = PBXGroup;
			children = (
				5345EFBB15106ACA00509B94 /* DataManagerBaseTest.h */,
				5345EFBC15106ACA00509B94 /* libInternIOSTest.a */,
				5345EFBD15106ACA00509B94 /* ViewHelper.h */,
			);
			name = InternIOSTest;
			path = lib/InternIOSTest;
			sourceTree = "<group>";
		};
		5363E27F158F08BB00CE23F8 /* question */ = {
			isa = PBXGroup;
			children = (
				53F301E01562B18F00CB511C /* QuestionLifecycle.js */,
				5363E281158F08F500CE23F8 /* questionScreens.js */,
			);
			name = question;
			sourceTree = "<group>";
		};
		53B12A7214E76716005762A0 /* UnitTests */ = {
			isa = PBXGroup;
			children = (
				53F301DE1562B16400CB511C /* applicationTests */,
				53B12A7314E76716005762A0 /* Supporting Files */,
				53388F4E151045F0001A94CF /* question */,
			);
			path = UnitTests;
			sourceTree = "<group>";
		};
		53B12A7314E76716005762A0 /* Supporting Files */ = {
			isa = PBXGroup;
			children = (
				53B12A7414E76716005762A0 /* UnitTests-Info.plist */,
				53B12A7514E76716005762A0 /* InfoPlist.strings */,
				53B12A7814E76716005762A0 /* main.m */,
				53B12A7A14E76716005762A0 /* UnitTests-Prefix.pch */,
			);
			name = "Supporting Files";
			sourceTree = "<group>";
		};
		53C29EB11502AEF7007C9734 /* OCMock */ = {
			isa = PBXGroup;
			children = (
				53C29EB21502AEF7007C9734 /* libOCMock.a */,
				53C29EB31502AEF7007C9734 /* NSNotificationCenter+OCMAdditions.h */,
				53C29EB41502AEF7007C9734 /* OCMArg.h */,
				53C29EB51502AEF7007C9734 /* OCMConstraint.h */,
				53C29EB61502AEF7007C9734 /* OCMock.h */,
				53C29EB71502AEF7007C9734 /* OCMockObject.h */,
				53C29EB81502AEF7007C9734 /* OCMockRecorder.h */,
			);
			name = OCMock;
			path = lib/OCMock;
			sourceTree = "<group>";
		};
		53CB8DED142E774300518E28 = {
			isa = PBXGroup;
			children = (
				53543B8614F715C700326078 /* ic_launcher.png */,
				53543B8414F7159800326078 /* web_114x114.png */,
				53543B8214F7158100326078 /* web_57x57.png */,
				53CB8E02142E774300518E28 /* Kotoba */,
				53B12A7214E76716005762A0 /* UnitTests */,
				53CB8DFB142E774300518E28 /* Frameworks */,
				53CB8DF9142E774300518E28 /* Products */,
			);
			sourceTree = "<group>";
		};
		53CB8DF9142E774300518E28 /* Products */ = {
			isa = PBXGroup;
			children = (
				53CB8DF8142E774300518E28 /* Kotoba.app */,
				53B12A6C14E76716005762A0 /* UnitTests.app */,
			);
			name = Products;
			sourceTree = "<group>";
		};
		53CB8DFB142E774300518E28 /* Frameworks */ = {
			isa = PBXGroup;
			children = (
				5345EFBA15106ACA00509B94 /* InternIOSTest */,
				5345EFAA15106AB700509B94 /* InternIOS */,
				53C29EB11502AEF7007C9734 /* OCMock */,
				53B12A9214E838BD005762A0 /* GHUnitIOS.framework */,
				53CB8DFC142E774300518E28 /* UIKit.framework */,
				53CB8DFE142E774300518E28 /* Foundation.framework */,
				53CB8E00142E774300518E28 /* CoreData.framework */,
				53CB8E17142E774300518E28 /* SenTestingKit.framework */,
				53B12A7014E76716005762A0 /* CoreGraphics.framework */,
			);
			name = Frameworks;
			sourceTree = "<group>";
		};
		53CB8E02142E774300518E28 /* Kotoba */ = {
			isa = PBXGroup;
			children = (
				53D7E9C015002B5F00D367EC /* question */,
				53D7E9CB15003ADA00D367EC /* en.lproj */,
				53CB8E0B142E774300518E28 /* AppDelegate.h */,
				53CB8E0C142E774300518E28 /* AppDelegate.m */,
				53CB8E0E142E774300518E28 /* Kotoba.xcdatamodeld */,
				53CB8E03142E774300518E28 /* Supporting Files */,
				53A59269142E787700C4CE55 /* iPhone.storyboard */,
				53A59272142E7B6A00C4CE55 /* iPad.storyboard */,
				537BC58F14E330F90083E0E4 /* OldQuestion.h */,
				537BC59014E330F90083E0E4 /* OldQuestion.m */,
			);
			path = Kotoba;
			sourceTree = "<group>";
		};
		53CB8E03142E774300518E28 /* Supporting Files */ = {
			isa = PBXGroup;
			children = (
				53CB8E04142E774300518E28 /* Kotoba-Info.plist */,
				53CB8E05142E774300518E28 /* InfoPlist.strings */,
				53CB8E08142E774300518E28 /* main.m */,
				53CB8E0A142E774300518E28 /* Kotoba-Prefix.pch */,
			);
			name = "Supporting Files";
			sourceTree = "<group>";
		};
		53D7E9C015002B5F00D367EC /* question */ = {
			isa = PBXGroup;
			children = (
				53388F48151044CB001A94CF /* domain */,
				53A5926F142E799100C4CE55 /* QuestionGameController.h */,
				53A59270142E799100C4CE55 /* QuestionGameController.m */,
				532F7A5415004CC70013BD3A /* EditQuestionController.h */,
				532F7A5515004CC70013BD3A /* EditQuestionController.m */,
				53C29EC31502F3F7007C9734 /* ListQuestionsController.h */,
				53C29EC41502F3F7007C9734 /* ListQuestionsController.m */,
			);
			name = question;
			sourceTree = "<group>";
		};
		53D7E9CB15003ADA00D367EC /* en.lproj */ = {
			isa = PBXGroup;
			children = (
				53C29F321505AAFD007C9734 /* Intern.strings */,
				53C29F341505AAFD007C9734 /* Alerts.strings */,
				53D7E9DC15003C4600D367EC /* UI.strings */,
				53D7E9CC15003ADA00D367EC /* InfoPlist.strings */,
				53D7E9CE15003ADA00D367EC /* Localizable.strings */,
			);
			path = en.lproj;
			sourceTree = "<group>";
		};
		53F301DE1562B16400CB511C /* applicationTests */ = {
			isa = PBXGroup;
			children = (
				5363E27F158F08BB00CE23F8 /* question */,
				53A4F02F1562DF1F002AA824 /* ci.js */,
				5363E283158F0C5700CE23F8 /* utils.js */,
			);
			name = applicationTests;
			sourceTree = "<group>";
		};
/* End PBXGroup section */

/* Begin PBXNativeTarget section */
		53B12A6B14E76716005762A0 /* UnitTests */ = {
			isa = PBXNativeTarget;
			buildConfigurationList = 53B12A8714E76717005762A0 /* Build configuration list for PBXNativeTarget "UnitTests" */;
			buildPhases = (
				53B12A6814E76716005762A0 /* Sources */,
				53B12A6914E76716005762A0 /* Frameworks */,
				53B12A6A14E76716005762A0 /* Resources */,
				53B12A9114E83429005762A0 /* ShellScript */,
			);
			buildRules = (
			);
			dependencies = (
			);
			name = UnitTests;
			productName = UnitTests;
			productReference = 53B12A6C14E76716005762A0 /* UnitTests.app */;
			productType = "com.apple.product-type.application";
		};
		53CB8DF7142E774300518E28 /* Kotoba */ = {
			isa = PBXNativeTarget;
			buildConfigurationList = 53CB8E29142E774300518E28 /* Build configuration list for PBXNativeTarget "Kotoba" */;
			buildPhases = (
				53CB8DF4142E774300518E28 /* Sources */,
				53CB8DF5142E774300518E28 /* Frameworks */,
				53CB8DF6142E774300518E28 /* Resources */,
			);
			buildRules = (
			);
			dependencies = (
			);
			name = Kotoba;
			productName = Kotoba;
			productReference = 53CB8DF8142E774300518E28 /* Kotoba.app */;
			productType = "com.apple.product-type.application";
		};
/* End PBXNativeTarget section */

/* Begin PBXProject section */
		53CB8DEF142E774300518E28 /* Project object */ = {
			isa = PBXProject;
			attributes = {
				LastUpgradeCheck = 0430;
			};
			buildConfigurationList = 53CB8DF2142E774300518E28 /* Build configuration list for PBXProject "Kotoba" */;
			compatibilityVersion = "Xcode 3.2";
			developmentRegion = English;
			hasScannedForEncodings = 0;
			knownRegions = (
				en,
			);
			mainGroup = 53CB8DED142E774300518E28;
			productRefGroup = 53CB8DF9142E774300518E28 /* Products */;
			projectDirPath = "";
			projectRoot = "";
			targets = (
				53CB8DF7142E774300518E28 /* Kotoba */,
				53B12A6B14E76716005762A0 /* UnitTests */,
			);
		};
/* End PBXProject section */

/* Begin PBXResourcesBuildPhase section */
		53B12A6A14E76716005762A0 /* Resources */ = {
			isa = PBXResourcesBuildPhase;
			buildActionMask = 2147483647;
			files = (
				53B12A7714E76716005762A0 /* InfoPlist.strings in Resources */,
				53C29E971501AF75007C9734 /* iPhone.storyboard in Resources */,
			);
			runOnlyForDeploymentPostprocessing = 0;
		};
		53CB8DF6142E774300518E28 /* Resources */ = {
			isa = PBXResourcesBuildPhase;
			buildActionMask = 2147483647;
			files = (
				53CB8E07142E774300518E28 /* InfoPlist.strings in Resources */,
				53A5926A142E787700C4CE55 /* iPhone.storyboard in Resources */,
				53A59273142E7B6A00C4CE55 /* iPad.storyboard in Resources */,
				53543B8314F7158100326078 /* web_57x57.png in Resources */,
				53543B8514F7159800326078 /* web_114x114.png in Resources */,
				53543B8714F715C700326078 /* ic_launcher.png in Resources */,
				53D7E9D015003ADA00D367EC /* InfoPlist.strings in Resources */,
				53D7E9D115003ADA00D367EC /* Localizable.strings in Resources */,
				53D7E9DE15003C4600D367EC /* UI.strings in Resources */,
				53C29F361505AAFD007C9734 /* Intern.strings in Resources */,
				53C29F371505AAFD007C9734 /* Alerts.strings in Resources */,
			);
			runOnlyForDeploymentPostprocessing = 0;
		};
/* End PBXResourcesBuildPhase section */

/* Begin PBXShellScriptBuildPhase section */
		53B12A9114E83429005762A0 /* ShellScript */ = {
			isa = PBXShellScriptBuildPhase;
			buildActionMask = 2147483647;
			files = (
			);
			inputPaths = (
			);
			outputPaths = (
			);
			runOnlyForDeploymentPostprocessing = 0;
			shellPath = /bin/sh;
			shellScript = "sh RunTests.sh";
			showEnvVarsInLog = 0;
		};
/* End PBXShellScriptBuildPhase section */

/* Begin PBXSourcesBuildPhase section */
		53B12A6814E76716005762A0 /* Sources */ = {
			isa = PBXSourcesBuildPhase;
			buildActionMask = 2147483647;
			files = (
				53B12A7914E76716005762A0 /* main.m in Sources */,
				53D7E9C61500345300D367EC /* Question.m in Sources */,
				532F7A5715004CC70013BD3A /* EditQuestionController.m in Sources */,
				53CBAFBE15018EFA00728A7D /* EditQuestionControllerTest.m in Sources */,
				53C29EB01501C77A007C9734 /* Kotoba.xcdatamodeld in Sources */,
				53C29EBC1502B741007C9734 /* ListQuestionsControllerTest.m in Sources */,
				53C29EC61502F3F7007C9734 /* ListQuestionsController.m in Sources */,
				53C29EC91502FBF9007C9734 /* QuestionGameControllerTest.m in Sources */,
				53C29ECA1502FE1A007C9734 /* QuestionGameController.m in Sources */,
				53C29ECB1502FEBD007C9734 /* OldQuestion.m in Sources */,
				53388F4D151044E4001A94CF /* QuestionDAO.m in Sources */,
				53388F521510460D001A94CF /* QuestionDAOTest.m in Sources */,
				53A4F0301562DF1F002AA824 /* ci.js in Sources */,
				5363E282158F08F500CE23F8 /* questionScreens.js in Sources */,
				5363E284158F0C5700CE23F8 /* utils.js in Sources */,
			);
			runOnlyForDeploymentPostprocessing = 0;
		};
		53CB8DF4142E774300518E28 /* Sources */ = {
			isa = PBXSourcesBuildPhase;
			buildActionMask = 2147483647;
			files = (
				53CB8E09142E774300518E28 /* main.m in Sources */,
				53CB8E0D142E774300518E28 /* AppDelegate.m in Sources */,
				53CB8E10142E774300518E28 /* Kotoba.xcdatamodeld in Sources */,
				53A59271142E799100C4CE55 /* QuestionGameController.m in Sources */,
				537BC59114E330F90083E0E4 /* OldQuestion.m in Sources */,
				53D7E9C51500345300D367EC /* Question.m in Sources */,
				532F7A5615004CC70013BD3A /* EditQuestionController.m in Sources */,
				53C29EC51502F3F7007C9734 /* ListQuestionsController.m in Sources */,
				53388F4C151044E4001A94CF /* QuestionDAO.m in Sources */,
			);
			runOnlyForDeploymentPostprocessing = 0;
		};
/* End PBXSourcesBuildPhase section */

/* Begin PBXVariantGroup section */
		53B12A7514E76716005762A0 /* InfoPlist.strings */ = {
			isa = PBXVariantGroup;
			children = (
				53B12A7614E76716005762A0 /* en */,
			);
			name = InfoPlist.strings;
			sourceTree = "<group>";
		};
		53C29F321505AAFD007C9734 /* Intern.strings */ = {
			isa = PBXVariantGroup;
			children = (
				53C29F331505AAFD007C9734 /* en */,
			);
			name = Intern.strings;
			sourceTree = "<group>";
		};
		53C29F341505AAFD007C9734 /* Alerts.strings */ = {
			isa = PBXVariantGroup;
			children = (
				53C29F351505AAFD007C9734 /* en */,
			);
			name = Alerts.strings;
			sourceTree = "<group>";
		};
		53CB8E05142E774300518E28 /* InfoPlist.strings */ = {
			isa = PBXVariantGroup;
			children = (
				53CB8E06142E774300518E28 /* en */,
			);
			name = InfoPlist.strings;
			sourceTree = "<group>";
		};
		53D7E9CC15003ADA00D367EC /* InfoPlist.strings */ = {
			isa = PBXVariantGroup;
			children = (
				53D7E9CD15003ADA00D367EC /* en */,
			);
			name = InfoPlist.strings;
			sourceTree = "<group>";
		};
		53D7E9CE15003ADA00D367EC /* Localizable.strings */ = {
			isa = PBXVariantGroup;
			children = (
				53D7E9CF15003ADA00D367EC /* en */,
			);
			name = Localizable.strings;
			sourceTree = "<group>";
		};
		53D7E9DC15003C4600D367EC /* UI.strings */ = {
			isa = PBXVariantGroup;
			children = (
				53D7E9DD15003C4600D367EC /* en */,
			);
			name = UI.strings;
			sourceTree = "<group>";
		};
/* End PBXVariantGroup section */

/* Begin XCBuildConfiguration section */
		53B12A8814E76717005762A0 /* Debug */ = {
			isa = XCBuildConfiguration;
			buildSettings = {
				"CODE_SIGN_IDENTITY[sdk=iphoneos*]" = "iPhone Developer";
				FRAMEWORK_SEARCH_PATHS = (
					"$(inherited)",
					"\"$(SRCROOT)/lib\"",
				);
				GCC_PRECOMPILE_PREFIX_HEADER = YES;
				GCC_PREFIX_HEADER = "UnitTests/UnitTests-Prefix.pch";
				INFOPLIST_FILE = "UnitTests/UnitTests-Info.plist";
				LIBRARY_SEARCH_PATHS = (
					"$(inherited)",
					"\"$(SRCROOT)/lib/InternIOS\"",
					"\"$(SRCROOT)/lib/InternIOSTest\"",
					"\"$(SRCROOT)/lib/OCMock\"",
				);
				PRODUCT_NAME = "$(TARGET_NAME)";
				WRAPPER_EXTENSION = app;
			};
			name = Debug;
		};
		53B12A8914E76717005762A0 /* Release */ = {
			isa = XCBuildConfiguration;
			buildSettings = {
				"CODE_SIGN_IDENTITY[sdk=iphoneos*]" = "iPhone Developer";
				FRAMEWORK_SEARCH_PATHS = (
					"$(inherited)",
					"\"$(SRCROOT)/lib\"",
				);
				GCC_PRECOMPILE_PREFIX_HEADER = YES;
				GCC_PREFIX_HEADER = "UnitTests/UnitTests-Prefix.pch";
				INFOPLIST_FILE = "UnitTests/UnitTests-Info.plist";
				LIBRARY_SEARCH_PATHS = (
					"$(inherited)",
					"\"$(SRCROOT)/lib/InternIOS\"",
					"\"$(SRCROOT)/lib/InternIOSTest\"",
					"\"$(SRCROOT)/lib/OCMock\"",
				);
				PRODUCT_NAME = "$(TARGET_NAME)";
				WRAPPER_EXTENSION = app;
			};
			name = Release;
		};
		53CB8E27142E774300518E28 /* Debug */ = {
			isa = XCBuildConfiguration;
			buildSettings = {
				ALWAYS_SEARCH_USER_PATHS = NO;
				ARCHS = "$(ARCHS_STANDARD_32_BIT)";
				CLANG_ENABLE_OBJC_ARC = YES;
				"CODE_SIGN_IDENTITY[sdk=iphoneos*]" = "iPhone Developer";
				COPY_PHASE_STRIP = NO;
				GCC_C_LANGUAGE_STANDARD = gnu99;
				GCC_DYNAMIC_NO_PIC = NO;
				GCC_OPTIMIZATION_LEVEL = 0;
				GCC_PREPROCESSOR_DEFINITIONS = (
					"DEBUG=1",
					"$(inherited)",
				);
				GCC_SYMBOLS_PRIVATE_EXTERN = NO;
				GCC_VERSION = com.apple.compilers.llvm.clang.1_0;
				GCC_WARN_ABOUT_MISSING_PROTOTYPES = YES;
				GCC_WARN_ABOUT_RETURN_TYPE = YES;
				GCC_WARN_UNUSED_VARIABLE = YES;
				IPHONEOS_DEPLOYMENT_TARGET = 5.0;
				OTHER_LDFLAGS = (
					"-all_load",
					"-ObjC",
				);
				SDKROOT = iphoneos;
				TARGETED_DEVICE_FAMILY = "1,2";
			};
			name = Debug;
		};
		53CB8E28142E774300518E28 /* Release */ = {
			isa = XCBuildConfiguration;
			buildSettings = {
				ALWAYS_SEARCH_USER_PATHS = NO;
				ARCHS = "$(ARCHS_STANDARD_32_BIT)";
				CLANG_ENABLE_OBJC_ARC = YES;
				"CODE_SIGN_IDENTITY[sdk=iphoneos*]" = "iPhone Developer";
				COPY_PHASE_STRIP = YES;
				GCC_C_LANGUAGE_STANDARD = gnu99;
				GCC_VERSION = com.apple.compilers.llvm.clang.1_0;
				GCC_WARN_ABOUT_MISSING_PROTOTYPES = YES;
				GCC_WARN_ABOUT_RETURN_TYPE = YES;
				GCC_WARN_UNUSED_VARIABLE = YES;
				IPHONEOS_DEPLOYMENT_TARGET = 5.0;
				OTHER_CFLAGS = "-DNS_BLOCK_ASSERTIONS=1";
				OTHER_LDFLAGS = (
					"-all_load",
					"-ObjC",
				);
				SDKROOT = iphoneos;
				TARGETED_DEVICE_FAMILY = "1,2";
				VALIDATE_PRODUCT = YES;
			};
			name = Release;
		};
		53CB8E2A142E774300518E28 /* Debug */ = {
			isa = XCBuildConfiguration;
			buildSettings = {
				FRAMEWORK_SEARCH_PATHS = (
					"$(inherited)",
					"\"$(SRCROOT)/lib\"",
				);
				GCC_PRECOMPILE_PREFIX_HEADER = YES;
				GCC_PREFIX_HEADER = "Kotoba/Kotoba-Prefix.pch";
				INFOPLIST_FILE = "Kotoba/Kotoba-Info.plist";
				IPHONEOS_DEPLOYMENT_TARGET = 5.1;
				LIBRARY_SEARCH_PATHS = (
					"$(inherited)",
					"\"$(SRCROOT)/lib\"",
					"\"$(SRCROOT)/lib/InternIOS\"",
				);
				PRODUCT_NAME = "$(TARGET_NAME)";
				WRAPPER_EXTENSION = app;
			};
			name = Debug;
		};
		53CB8E2B142E774300518E28 /* Release */ = {
			isa = XCBuildConfiguration;
			buildSettings = {
				FRAMEWORK_SEARCH_PATHS = (
					"$(inherited)",
					"\"$(SRCROOT)/lib\"",
				);
				GCC_PRECOMPILE_PREFIX_HEADER = YES;
				GCC_PREFIX_HEADER = "Kotoba/Kotoba-Prefix.pch";
				INFOPLIST_FILE = "Kotoba/Kotoba-Info.plist";
				IPHONEOS_DEPLOYMENT_TARGET = 5.1;
				LIBRARY_SEARCH_PATHS = (
					"$(inherited)",
					"\"$(SRCROOT)/lib\"",
					"\"$(SRCROOT)/lib/InternIOS\"",
				);
				PRODUCT_NAME = "$(TARGET_NAME)";
				WRAPPER_EXTENSION = app;
			};
			name = Release;
		};
/* End XCBuildConfiguration section */

/* Begin XCConfigurationList section */
		53B12A8714E76717005762A0 /* Build configuration list for PBXNativeTarget "UnitTests" */ = {
			isa = XCConfigurationList;
			buildConfigurations = (
				53B12A8814E76717005762A0 /* Debug */,
				53B12A8914E76717005762A0 /* Release */,
			);
			defaultConfigurationIsVisible = 0;
			defaultConfigurationName = Release;
		};
		53CB8DF2142E774300518E28 /* Build configuration list for PBXProject "Kotoba" */ = {
			isa = XCConfigurationList;
			buildConfigurations = (
				53CB8E27142E774300518E28 /* Debug */,
				53CB8E28142E774300518E28 /* Release */,
			);
			defaultConfigurationIsVisible = 0;
			defaultConfigurationName = Release;
		};
		53CB8E29142E774300518E28 /* Build configuration list for PBXNativeTarget "Kotoba" */ = {
			isa = XCConfigurationList;
			buildConfigurations = (
				53CB8E2A142E774300518E28 /* Debug */,
				53CB8E2B142E774300518E28 /* Release */,
			);
			defaultConfigurationIsVisible = 0;
			defaultConfigurationName = Release;
		};
/* End XCConfigurationList section */

/* Begin XCVersionGroup section */
		53CB8E0E142E774300518E28 /* Kotoba.xcdatamodeld */ = {
			isa = XCVersionGroup;
			children = (
				53CB8E0F142E774300518E28 /* Kotoba.xcdatamodel */,
			);
			currentVersion = 53CB8E0F142E774300518E28 /* Kotoba.xcdatamodel */;
			path = Kotoba.xcdatamodeld;
			sourceTree = "<group>";
			versionGroupType = wrapper.xcdatamodel;
		};
/* End XCVersionGroup section */
	};
	rootObject = 53CB8DEF142E774300518E28 /* Project object */;
}
