// !$*UTF8*$!
{
	archiveVersion = 1;
	classes = {
	};
	objectVersion = 46;
	objects = {

/* Begin PBXBuildFile section */
		532F7A5615004CC70013BD3A /* QuestionEditViewController.m in Sources */ = {isa = PBXBuildFile; fileRef = 532F7A5515004CC70013BD3A /* QuestionEditViewController.m */; };
		532F7A5715004CC70013BD3A /* QuestionEditViewController.m in Sources */ = {isa = PBXBuildFile; fileRef = 532F7A5515004CC70013BD3A /* QuestionEditViewController.m */; };
		53543B8314F7158100326078 /* web_57x57.png in Resources */ = {isa = PBXBuildFile; fileRef = 53543B8214F7158100326078 /* web_57x57.png */; };
		53543B8514F7159800326078 /* web_114x114.png in Resources */ = {isa = PBXBuildFile; fileRef = 53543B8414F7159800326078 /* web_114x114.png */; };
		53543B8714F715C700326078 /* ic_launcher.png in Resources */ = {isa = PBXBuildFile; fileRef = 53543B8614F715C700326078 /* ic_launcher.png */; };
		5357D3F914340BFD00642301 /* QuestionListController.m in Sources */ = {isa = PBXBuildFile; fileRef = 5357D3F814340BFD00642301 /* QuestionListController.m */; };
		537BC59114E330F90083E0E4 /* OldQuestion.m in Sources */ = {isa = PBXBuildFile; fileRef = 537BC59014E330F90083E0E4 /* OldQuestion.m */; };
		53A0CD871433C2CC00C91662 /* QuestionGameViewControllerTest.m in Sources */ = {isa = PBXBuildFile; fileRef = 53A0CD861433C2CC00C91662 /* QuestionGameViewControllerTest.m */; };
		53A5926A142E787700C4CE55 /* iPhone.storyboard in Resources */ = {isa = PBXBuildFile; fileRef = 53A59269142E787700C4CE55 /* iPhone.storyboard */; };
		53A59271142E799100C4CE55 /* QuestionGameViewController.m in Sources */ = {isa = PBXBuildFile; fileRef = 53A59270142E799100C4CE55 /* QuestionGameViewController.m */; };
		53A59273142E7B6A00C4CE55 /* iPad.storyboard in Resources */ = {isa = PBXBuildFile; fileRef = 53A59272142E7B6A00C4CE55 /* iPad.storyboard */; };
		53AE50B915004BCA002748BF /* libInternIOS-simulator.a in Frameworks */ = {isa = PBXBuildFile; fileRef = 53AE50B315004BCA002748BF /* libInternIOS-simulator.a */; };
		53AE50BA15004BCA002748BF /* libInternIOS-simulator.a in Frameworks */ = {isa = PBXBuildFile; fileRef = 53AE50B315004BCA002748BF /* libInternIOS-simulator.a */; };
		53AE50BB15004BCA002748BF /* libInternIOS.a in Frameworks */ = {isa = PBXBuildFile; fileRef = 53AE50B415004BCA002748BF /* libInternIOS.a */; };
		53AE50BC15004BCA002748BF /* libInternIOS.a in Frameworks */ = {isa = PBXBuildFile; fileRef = 53AE50B415004BCA002748BF /* libInternIOS.a */; };
		53B12A6E14E76716005762A0 /* UIKit.framework in Frameworks */ = {isa = PBXBuildFile; fileRef = 53CB8DFC142E774300518E28 /* UIKit.framework */; };
		53B12A6F14E76716005762A0 /* Foundation.framework in Frameworks */ = {isa = PBXBuildFile; fileRef = 53CB8DFE142E774300518E28 /* Foundation.framework */; };
		53B12A7114E76716005762A0 /* CoreGraphics.framework in Frameworks */ = {isa = PBXBuildFile; fileRef = 53B12A7014E76716005762A0 /* CoreGraphics.framework */; };
		53B12A7714E76716005762A0 /* InfoPlist.strings in Resources */ = {isa = PBXBuildFile; fileRef = 53B12A7514E76716005762A0 /* InfoPlist.strings */; };
		53B12A7914E76716005762A0 /* main.m in Sources */ = {isa = PBXBuildFile; fileRef = 53B12A7814E76716005762A0 /* main.m */; };
		53B12A9314E838BD005762A0 /* GHUnitIOS.framework in Frameworks */ = {isa = PBXBuildFile; fileRef = 53B12A9214E838BD005762A0 /* GHUnitIOS.framework */; };
		53CB8DFD142E774300518E28 /* UIKit.framework in Frameworks */ = {isa = PBXBuildFile; fileRef = 53CB8DFC142E774300518E28 /* UIKit.framework */; };
		53CB8DFF142E774300518E28 /* Foundation.framework in Frameworks */ = {isa = PBXBuildFile; fileRef = 53CB8DFE142E774300518E28 /* Foundation.framework */; };
		53CB8E01142E774300518E28 /* CoreData.framework in Frameworks */ = {isa = PBXBuildFile; fileRef = 53CB8E00142E774300518E28 /* CoreData.framework */; };
		53CB8E07142E774300518E28 /* InfoPlist.strings in Resources */ = {isa = PBXBuildFile; fileRef = 53CB8E05142E774300518E28 /* InfoPlist.strings */; };
		53CB8E09142E774300518E28 /* main.m in Sources */ = {isa = PBXBuildFile; fileRef = 53CB8E08142E774300518E28 /* main.m */; };
		53CB8E0D142E774300518E28 /* AppDelegate.m in Sources */ = {isa = PBXBuildFile; fileRef = 53CB8E0C142E774300518E28 /* AppDelegate.m */; };
		53CB8E10142E774300518E28 /* Kotoba.xcdatamodeld in Sources */ = {isa = PBXBuildFile; fileRef = 53CB8E0E142E774300518E28 /* Kotoba.xcdatamodeld */; };
		53CB8E18142E774300518E28 /* SenTestingKit.framework in Frameworks */ = {isa = PBXBuildFile; fileRef = 53CB8E17142E774300518E28 /* SenTestingKit.framework */; };
		53CB8E19142E774300518E28 /* UIKit.framework in Frameworks */ = {isa = PBXBuildFile; fileRef = 53CB8DFC142E774300518E28 /* UIKit.framework */; };
		53CB8E1A142E774300518E28 /* Foundation.framework in Frameworks */ = {isa = PBXBuildFile; fileRef = 53CB8DFE142E774300518E28 /* Foundation.framework */; };
		53CB8E1B142E774300518E28 /* CoreData.framework in Frameworks */ = {isa = PBXBuildFile; fileRef = 53CB8E00142E774300518E28 /* CoreData.framework */; };
		53CB8E23142E774300518E28 /* InfoPlist.strings in Resources */ = {isa = PBXBuildFile; fileRef = 53CB8E21142E774300518E28 /* InfoPlist.strings */; };
		53D7E9C115002F6800D367EC /* CoreGraphics.framework in Frameworks */ = {isa = PBXBuildFile; fileRef = 53B12A7014E76716005762A0 /* CoreGraphics.framework */; };
		53D7E9C2150033B000D367EC /* CoreData.framework in Frameworks */ = {isa = PBXBuildFile; fileRef = 53CB8E00142E774300518E28 /* CoreData.framework */; };
		53D7E9C51500345300D367EC /* Question.m in Sources */ = {isa = PBXBuildFile; fileRef = 53D7E9C41500345200D367EC /* Question.m */; };
		53D7E9C61500345300D367EC /* Question.m in Sources */ = {isa = PBXBuildFile; fileRef = 53D7E9C41500345200D367EC /* Question.m */; };
		53D7E9D015003ADA00D367EC /* InfoPlist.strings in Resources */ = {isa = PBXBuildFile; fileRef = 53D7E9CC15003ADA00D367EC /* InfoPlist.strings */; };
		53D7E9D115003ADA00D367EC /* Localizable.strings in Resources */ = {isa = PBXBuildFile; fileRef = 53D7E9CE15003ADA00D367EC /* Localizable.strings */; };
		53D7E9DE15003C4600D367EC /* UI.strings in Resources */ = {isa = PBXBuildFile; fileRef = 53D7E9DC15003C4600D367EC /* UI.strings */; };
/* End PBXBuildFile section */

/* Begin PBXContainerItemProxy section */
		53CB8E1C142E774300518E28 /* PBXContainerItemProxy */ = {
			isa = PBXContainerItemProxy;
			containerPortal = 53CB8DEF142E774300518E28 /* Project object */;
			proxyType = 1;
			remoteGlobalIDString = 53CB8DF7142E774300518E28;
			remoteInfo = Kotoba;
		};
/* End PBXContainerItemProxy section */

/* Begin PBXFileReference section */
		532F7A5415004CC70013BD3A /* QuestionEditViewController.h */ = {isa = PBXFileReference; fileEncoding = 4; lastKnownFileType = sourcecode.c.h; path = QuestionEditViewController.h; sourceTree = "<group>"; };
		532F7A5515004CC70013BD3A /* QuestionEditViewController.m */ = {isa = PBXFileReference; fileEncoding = 4; lastKnownFileType = sourcecode.c.objc; path = QuestionEditViewController.m; sourceTree = "<group>"; };
		53543B8214F7158100326078 /* web_57x57.png */ = {isa = PBXFileReference; lastKnownFileType = image.png; path = web_57x57.png; sourceTree = "<group>"; };
		53543B8414F7159800326078 /* web_114x114.png */ = {isa = PBXFileReference; lastKnownFileType = image.png; path = web_114x114.png; sourceTree = "<group>"; };
		53543B8614F715C700326078 /* ic_launcher.png */ = {isa = PBXFileReference; lastKnownFileType = image.png; path = ic_launcher.png; sourceTree = "<group>"; };
		5357D3F714340BFD00642301 /* QuestionListController.h */ = {isa = PBXFileReference; fileEncoding = 4; lastKnownFileType = sourcecode.c.h; path = QuestionListController.h; sourceTree = "<group>"; };
		5357D3F814340BFD00642301 /* QuestionListController.m */ = {isa = PBXFileReference; fileEncoding = 4; lastKnownFileType = sourcecode.c.objc; path = QuestionListController.m; sourceTree = "<group>"; };
		537BC58F14E330F90083E0E4 /* OldQuestion.h */ = {isa = PBXFileReference; fileEncoding = 4; lastKnownFileType = sourcecode.c.h; path = OldQuestion.h; sourceTree = "<group>"; };
		537BC59014E330F90083E0E4 /* OldQuestion.m */ = {isa = PBXFileReference; fileEncoding = 4; lastKnownFileType = sourcecode.c.objc; path = OldQuestion.m; sourceTree = "<group>"; };
		53A0CD851433C2CC00C91662 /* QuestionGameViewControllerTest.h */ = {isa = PBXFileReference; fileEncoding = 4; lastKnownFileType = sourcecode.c.h; path = QuestionGameViewControllerTest.h; sourceTree = "<group>"; };
		53A0CD861433C2CC00C91662 /* QuestionGameViewControllerTest.m */ = {isa = PBXFileReference; fileEncoding = 4; lastKnownFileType = sourcecode.c.objc; path = QuestionGameViewControllerTest.m; sourceTree = "<group>"; };
		53A59269142E787700C4CE55 /* iPhone.storyboard */ = {isa = PBXFileReference; fileEncoding = 4; lastKnownFileType = file.storyboard; path = iPhone.storyboard; sourceTree = "<group>"; };
		53A5926F142E799100C4CE55 /* QuestionGameViewController.h */ = {isa = PBXFileReference; fileEncoding = 4; lastKnownFileType = sourcecode.c.h; path = QuestionGameViewController.h; sourceTree = "<group>"; };
		53A59270142E799100C4CE55 /* QuestionGameViewController.m */ = {isa = PBXFileReference; fileEncoding = 4; lastKnownFileType = sourcecode.c.objc; path = QuestionGameViewController.m; sourceTree = "<group>"; };
		53A59272142E7B6A00C4CE55 /* iPad.storyboard */ = {isa = PBXFileReference; fileEncoding = 4; lastKnownFileType = file.storyboard; path = iPad.storyboard; sourceTree = "<group>"; };
		53AE50AF15004BCA002748BF /* AlertHelper.h */ = {isa = PBXFileReference; fileEncoding = 4; lastKnownFileType = sourcecode.c.h; path = AlertHelper.h; sourceTree = "<group>"; };
		53AE50B015004BCA002748BF /* BaseTableViewController.h */ = {isa = PBXFileReference; fileEncoding = 4; lastKnownFileType = sourcecode.c.h; path = BaseTableViewController.h; sourceTree = "<group>"; };
		53AE50B115004BCA002748BF /* CircularItemCursor.h */ = {isa = PBXFileReference; fileEncoding = 4; lastKnownFileType = sourcecode.c.h; path = CircularItemCursor.h; sourceTree = "<group>"; };
		53AE50B215004BCA002748BF /* DataManager.h */ = {isa = PBXFileReference; fileEncoding = 4; lastKnownFileType = sourcecode.c.h; path = DataManager.h; sourceTree = "<group>"; };
		53AE50B315004BCA002748BF /* libInternIOS-simulator.a */ = {isa = PBXFileReference; lastKnownFileType = archive.ar; path = "libInternIOS-simulator.a"; sourceTree = "<group>"; };
		53AE50B415004BCA002748BF /* libInternIOS.a */ = {isa = PBXFileReference; lastKnownFileType = archive.ar; path = libInternIOS.a; sourceTree = "<group>"; };
		53AE50B515004BCA002748BF /* PreConditions.h */ = {isa = PBXFileReference; fileEncoding = 4; lastKnownFileType = sourcecode.c.h; path = PreConditions.h; sourceTree = "<group>"; };
		53AE50B615004BCA002748BF /* RandomIterator.h */ = {isa = PBXFileReference; fileEncoding = 4; lastKnownFileType = sourcecode.c.h; path = RandomIterator.h; sourceTree = "<group>"; };
		53AE50B715004BCA002748BF /* Stack.h */ = {isa = PBXFileReference; fileEncoding = 4; lastKnownFileType = sourcecode.c.h; path = Stack.h; sourceTree = "<group>"; };
		53AE50B815004BCA002748BF /* UIPlaceHolderTextView.h */ = {isa = PBXFileReference; fileEncoding = 4; lastKnownFileType = sourcecode.c.h; path = UIPlaceHolderTextView.h; sourceTree = "<group>"; };
		53B12A6C14E76716005762A0 /* UnitTests.app */ = {isa = PBXFileReference; explicitFileType = wrapper.application; includeInIndex = 0; path = UnitTests.app; sourceTree = BUILT_PRODUCTS_DIR; };
		53B12A7014E76716005762A0 /* CoreGraphics.framework */ = {isa = PBXFileReference; lastKnownFileType = wrapper.framework; name = CoreGraphics.framework; path = System/Library/Frameworks/CoreGraphics.framework; sourceTree = SDKROOT; };
		53B12A7414E76716005762A0 /* UnitTests-Info.plist */ = {isa = PBXFileReference; lastKnownFileType = text.plist.xml; path = "UnitTests-Info.plist"; sourceTree = "<group>"; };
		53B12A7614E76716005762A0 /* en */ = {isa = PBXFileReference; lastKnownFileType = text.plist.strings; name = en; path = en.lproj/InfoPlist.strings; sourceTree = "<group>"; };
		53B12A7814E76716005762A0 /* main.m */ = {isa = PBXFileReference; lastKnownFileType = sourcecode.c.objc; path = main.m; sourceTree = "<group>"; };
		53B12A7A14E76716005762A0 /* UnitTests-Prefix.pch */ = {isa = PBXFileReference; lastKnownFileType = sourcecode.c.h; path = "UnitTests-Prefix.pch"; sourceTree = "<group>"; };
		53B12A8A14E76902005762A0 /* GHUnitIOS.framework */ = {isa = PBXFileReference; lastKnownFileType = wrapper.framework; name = GHUnitIOS.framework; path = "../gh-unit/GHUnitIOS.framework"; sourceTree = "<group>"; };
		53B12A9214E838BD005762A0 /* GHUnitIOS.framework */ = {isa = PBXFileReference; lastKnownFileType = wrapper.framework; name = GHUnitIOS.framework; path = lib/GHUnitIOS.framework; sourceTree = "<group>"; };
		53CB8DF8142E774300518E28 /* Kotoba.app */ = {isa = PBXFileReference; explicitFileType = wrapper.application; includeInIndex = 0; path = Kotoba.app; sourceTree = BUILT_PRODUCTS_DIR; };
		53CB8DFC142E774300518E28 /* UIKit.framework */ = {isa = PBXFileReference; lastKnownFileType = wrapper.framework; name = UIKit.framework; path = System/Library/Frameworks/UIKit.framework; sourceTree = SDKROOT; };
		53CB8DFE142E774300518E28 /* Foundation.framework */ = {isa = PBXFileReference; lastKnownFileType = wrapper.framework; name = Foundation.framework; path = System/Library/Frameworks/Foundation.framework; sourceTree = SDKROOT; };
		53CB8E00142E774300518E28 /* CoreData.framework */ = {isa = PBXFileReference; lastKnownFileType = wrapper.framework; name = CoreData.framework; path = System/Library/Frameworks/CoreData.framework; sourceTree = SDKROOT; };
		53CB8E04142E774300518E28 /* Kotoba-Info.plist */ = {isa = PBXFileReference; lastKnownFileType = text.plist.xml; path = "Kotoba-Info.plist"; sourceTree = "<group>"; };
		53CB8E06142E774300518E28 /* en */ = {isa = PBXFileReference; lastKnownFileType = text.plist.strings; name = en; path = en.lproj/InfoPlist.strings; sourceTree = "<group>"; };
		53CB8E08142E774300518E28 /* main.m */ = {isa = PBXFileReference; lastKnownFileType = sourcecode.c.objc; path = main.m; sourceTree = "<group>"; };
		53CB8E0A142E774300518E28 /* Kotoba-Prefix.pch */ = {isa = PBXFileReference; lastKnownFileType = sourcecode.c.h; path = "Kotoba-Prefix.pch"; sourceTree = "<group>"; };
		53CB8E0B142E774300518E28 /* AppDelegate.h */ = {isa = PBXFileReference; lastKnownFileType = sourcecode.c.h; path = AppDelegate.h; sourceTree = "<group>"; };
		53CB8E0C142E774300518E28 /* AppDelegate.m */ = {isa = PBXFileReference; lastKnownFileType = sourcecode.c.objc; path = AppDelegate.m; sourceTree = "<group>"; };
		53CB8E0F142E774300518E28 /* Kotoba.xcdatamodel */ = {isa = PBXFileReference; lastKnownFileType = wrapper.xcdatamodel; path = Kotoba.xcdatamodel; sourceTree = "<group>"; };
		53CB8E16142E774300518E28 /* KotobaTests.octest */ = {isa = PBXFileReference; explicitFileType = wrapper.cfbundle; includeInIndex = 0; path = KotobaTests.octest; sourceTree = BUILT_PRODUCTS_DIR; };
		53CB8E17142E774300518E28 /* SenTestingKit.framework */ = {isa = PBXFileReference; lastKnownFileType = wrapper.framework; name = SenTestingKit.framework; path = Library/Frameworks/SenTestingKit.framework; sourceTree = DEVELOPER_DIR; };
		53CB8E20142E774300518E28 /* KotobaTests-Info.plist */ = {isa = PBXFileReference; lastKnownFileType = text.plist.xml; path = "KotobaTests-Info.plist"; sourceTree = "<group>"; };
		53CB8E22142E774300518E28 /* en */ = {isa = PBXFileReference; lastKnownFileType = text.plist.strings; name = en; path = en.lproj/InfoPlist.strings; sourceTree = "<group>"; };
		53D7E9C31500345200D367EC /* Question.h */ = {isa = PBXFileReference; fileEncoding = 4; lastKnownFileType = sourcecode.c.h; path = Question.h; sourceTree = "<group>"; };
		53D7E9C41500345200D367EC /* Question.m */ = {isa = PBXFileReference; fileEncoding = 4; lastKnownFileType = sourcecode.c.objc; path = Question.m; sourceTree = "<group>"; };
		53D7E9CD15003ADA00D367EC /* en */ = {isa = PBXFileReference; lastKnownFileType = text.plist.strings; name = en; path = InfoPlist.strings; sourceTree = "<group>"; };
		53D7E9CF15003ADA00D367EC /* en */ = {isa = PBXFileReference; lastKnownFileType = text.plist.strings; name = en; path = Localizable.strings; sourceTree = "<group>"; };
		53D7E9DD15003C4600D367EC /* en */ = {isa = PBXFileReference; lastKnownFileType = text.plist.strings; name = en; path = UI.strings; sourceTree = "<group>"; };
/* End PBXFileReference section */

/* Begin PBXFrameworksBuildPhase section */
		53B12A6914E76716005762A0 /* Frameworks */ = {
			isa = PBXFrameworksBuildPhase;
			buildActionMask = 2147483647;
			files = (
				53B12A9314E838BD005762A0 /* GHUnitIOS.framework in Frameworks */,
				53B12A6E14E76716005762A0 /* UIKit.framework in Frameworks */,
				53B12A6F14E76716005762A0 /* Foundation.framework in Frameworks */,
				53B12A7114E76716005762A0 /* CoreGraphics.framework in Frameworks */,
				53D7E9C2150033B000D367EC /* CoreData.framework in Frameworks */,
				53AE50BA15004BCA002748BF /* libInternIOS-simulator.a in Frameworks */,
				53AE50BC15004BCA002748BF /* libInternIOS.a in Frameworks */,
			);
			runOnlyForDeploymentPostprocessing = 0;
		};
		53CB8DF5142E774300518E28 /* Frameworks */ = {
			isa = PBXFrameworksBuildPhase;
			buildActionMask = 2147483647;
			files = (
				53D7E9C115002F6800D367EC /* CoreGraphics.framework in Frameworks */,
				53CB8DFD142E774300518E28 /* UIKit.framework in Frameworks */,
				53CB8DFF142E774300518E28 /* Foundation.framework in Frameworks */,
				53CB8E01142E774300518E28 /* CoreData.framework in Frameworks */,
				53AE50B915004BCA002748BF /* libInternIOS-simulator.a in Frameworks */,
				53AE50BB15004BCA002748BF /* libInternIOS.a in Frameworks */,
			);
			runOnlyForDeploymentPostprocessing = 0;
		};
		53CB8E12142E774300518E28 /* Frameworks */ = {
			isa = PBXFrameworksBuildPhase;
			buildActionMask = 2147483647;
			files = (
				53CB8E18142E774300518E28 /* SenTestingKit.framework in Frameworks */,
				53CB8E19142E774300518E28 /* UIKit.framework in Frameworks */,
				53CB8E1A142E774300518E28 /* Foundation.framework in Frameworks */,
				53CB8E1B142E774300518E28 /* CoreData.framework in Frameworks */,
			);
			runOnlyForDeploymentPostprocessing = 0;
		};
/* End PBXFrameworksBuildPhase section */

/* Begin PBXGroup section */
		53AE50AE15004BCA002748BF /* InternIOS */ = {
			isa = PBXGroup;
			children = (
				53AE50AF15004BCA002748BF /* AlertHelper.h */,
				53AE50B015004BCA002748BF /* BaseTableViewController.h */,
				53AE50B115004BCA002748BF /* CircularItemCursor.h */,
				53AE50B215004BCA002748BF /* DataManager.h */,
				53AE50B315004BCA002748BF /* libInternIOS-simulator.a */,
				53AE50B415004BCA002748BF /* libInternIOS.a */,
				53AE50B515004BCA002748BF /* PreConditions.h */,
				53AE50B615004BCA002748BF /* RandomIterator.h */,
				53AE50B715004BCA002748BF /* Stack.h */,
				53AE50B815004BCA002748BF /* UIPlaceHolderTextView.h */,
			);
			name = InternIOS;
			path = lib/InternIOS;
			sourceTree = "<group>";
		};
		53B12A7214E76716005762A0 /* UnitTests */ = {
			isa = PBXGroup;
			children = (
				53B12A7314E76716005762A0 /* Supporting Files */,
			);
			path = UnitTests;
			sourceTree = "<group>";
		};
		53B12A7314E76716005762A0 /* Supporting Files */ = {
			isa = PBXGroup;
			children = (
				53B12A7414E76716005762A0 /* UnitTests-Info.plist */,
				53B12A7514E76716005762A0 /* InfoPlist.strings */,
				53B12A7814E76716005762A0 /* main.m */,
				53B12A7A14E76716005762A0 /* UnitTests-Prefix.pch */,
			);
			name = "Supporting Files";
			sourceTree = "<group>";
		};
		53CB8DED142E774300518E28 = {
			isa = PBXGroup;
			children = (
				53AE50AE15004BCA002748BF /* InternIOS */,
				53543B8614F715C700326078 /* ic_launcher.png */,
				53543B8414F7159800326078 /* web_114x114.png */,
				53543B8214F7158100326078 /* web_57x57.png */,
				53B12A9214E838BD005762A0 /* GHUnitIOS.framework */,
				53B12A8A14E76902005762A0 /* GHUnitIOS.framework */,
				53CB8E02142E774300518E28 /* Kotoba */,
				53CB8E1E142E774300518E28 /* KotobaTests */,
				53B12A7214E76716005762A0 /* UnitTests */,
				53CB8DFB142E774300518E28 /* Frameworks */,
				53CB8DF9142E774300518E28 /* Products */,
			);
			sourceTree = "<group>";
		};
		53CB8DF9142E774300518E28 /* Products */ = {
			isa = PBXGroup;
			children = (
				53CB8DF8142E774300518E28 /* Kotoba.app */,
				53CB8E16142E774300518E28 /* KotobaTests.octest */,
				53B12A6C14E76716005762A0 /* UnitTests.app */,
			);
			name = Products;
			sourceTree = "<group>";
		};
		53CB8DFB142E774300518E28 /* Frameworks */ = {
			isa = PBXGroup;
			children = (
				53CB8DFC142E774300518E28 /* UIKit.framework */,
				53CB8DFE142E774300518E28 /* Foundation.framework */,
				53CB8E00142E774300518E28 /* CoreData.framework */,
				53CB8E17142E774300518E28 /* SenTestingKit.framework */,
				53B12A7014E76716005762A0 /* CoreGraphics.framework */,
			);
			name = Frameworks;
			sourceTree = "<group>";
		};
		53CB8E02142E774300518E28 /* Kotoba */ = {
			isa = PBXGroup;
			children = (
				53D7E9CB15003ADA00D367EC /* en.lproj */,
				53CB8E0B142E774300518E28 /* AppDelegate.h */,
				53CB8E0C142E774300518E28 /* AppDelegate.m */,
				53CB8E0E142E774300518E28 /* Kotoba.xcdatamodeld */,
				53CB8E03142E774300518E28 /* Supporting Files */,
				53A59269142E787700C4CE55 /* iPhone.storyboard */,
				53D7E9C015002B5F00D367EC /* question */,
				53A59272142E7B6A00C4CE55 /* iPad.storyboard */,
				537BC58F14E330F90083E0E4 /* OldQuestion.h */,
				537BC59014E330F90083E0E4 /* OldQuestion.m */,
			);
			path = Kotoba;
			sourceTree = "<group>";
		};
		53CB8E03142E774300518E28 /* Supporting Files */ = {
			isa = PBXGroup;
			children = (
				53CB8E04142E774300518E28 /* Kotoba-Info.plist */,
				53CB8E05142E774300518E28 /* InfoPlist.strings */,
				53CB8E08142E774300518E28 /* main.m */,
				53CB8E0A142E774300518E28 /* Kotoba-Prefix.pch */,
			);
			name = "Supporting Files";
			sourceTree = "<group>";
		};
		53CB8E1E142E774300518E28 /* KotobaTests */ = {
			isa = PBXGroup;
			children = (
				53CB8E1F142E774300518E28 /* Supporting Files */,
				53A0CD851433C2CC00C91662 /* QuestionGameViewControllerTest.h */,
				53A0CD861433C2CC00C91662 /* QuestionGameViewControllerTest.m */,
			);
			path = KotobaTests;
			sourceTree = "<group>";
		};
		53CB8E1F142E774300518E28 /* Supporting Files */ = {
			isa = PBXGroup;
			children = (
				53CB8E20142E774300518E28 /* KotobaTests-Info.plist */,
				53CB8E21142E774300518E28 /* InfoPlist.strings */,
			);
			name = "Supporting Files";
			sourceTree = "<group>";
		};
		53D7E9C015002B5F00D367EC /* question */ = {
			isa = PBXGroup;
			children = (
				53D7E9C31500345200D367EC /* Question.h */,
				53D7E9C41500345200D367EC /* Question.m */,
				53A5926F142E799100C4CE55 /* QuestionGameViewController.h */,
				53A59270142E799100C4CE55 /* QuestionGameViewController.m */,
				5357D3F714340BFD00642301 /* QuestionListController.h */,
				5357D3F814340BFD00642301 /* QuestionListController.m */,
				532F7A5415004CC70013BD3A /* QuestionEditViewController.h */,
				532F7A5515004CC70013BD3A /* QuestionEditViewController.m */,
			);
			name = question;
			sourceTree = "<group>";
		};
		53D7E9CB15003ADA00D367EC /* en.lproj */ = {
			isa = PBXGroup;
			children = (
				53D7E9DC15003C4600D367EC /* UI.strings */,
				53D7E9CC15003ADA00D367EC /* InfoPlist.strings */,
				53D7E9CE15003ADA00D367EC /* Localizable.strings */,
			);
			path = en.lproj;
			sourceTree = "<group>";
		};
/* End PBXGroup section */

/* Begin PBXNativeTarget section */
		53B12A6B14E76716005762A0 /* UnitTests */ = {
			isa = PBXNativeTarget;
			buildConfigurationList = 53B12A8714E76717005762A0 /* Build configuration list for PBXNativeTarget "UnitTests" */;
			buildPhases = (
				53B12A6814E76716005762A0 /* Sources */,
				53B12A6914E76716005762A0 /* Frameworks */,
				53B12A6A14E76716005762A0 /* Resources */,
				53B12A9114E83429005762A0 /* ShellScript */,
			);
			buildRules = (
			);
			dependencies = (
			);
			name = UnitTests;
			productName = UnitTests;
			productReference = 53B12A6C14E76716005762A0 /* UnitTests.app */;
			productType = "com.apple.product-type.application";
		};
		53CB8DF7142E774300518E28 /* Kotoba */ = {
			isa = PBXNativeTarget;
			buildConfigurationList = 53CB8E29142E774300518E28 /* Build configuration list for PBXNativeTarget "Kotoba" */;
			buildPhases = (
				53CB8DF4142E774300518E28 /* Sources */,
				53CB8DF5142E774300518E28 /* Frameworks */,
				53CB8DF6142E774300518E28 /* Resources */,
			);
			buildRules = (
			);
			dependencies = (
			);
			name = Kotoba;
			productName = Kotoba;
			productReference = 53CB8DF8142E774300518E28 /* Kotoba.app */;
			productType = "com.apple.product-type.application";
		};
		53CB8E15142E774300518E28 /* KotobaTests */ = {
			isa = PBXNativeTarget;
			buildConfigurationList = 53CB8E2C142E774300518E28 /* Build configuration list for PBXNativeTarget "KotobaTests" */;
			buildPhases = (
				53CB8E11142E774300518E28 /* Sources */,
				53CB8E12142E774300518E28 /* Frameworks */,
				53CB8E13142E774300518E28 /* Resources */,
				53CB8E14142E774300518E28 /* ShellScript */,
			);
			buildRules = (
			);
			dependencies = (
				53CB8E1D142E774300518E28 /* PBXTargetDependency */,
			);
			name = KotobaTests;
			productName = KotobaTests;
			productReference = 53CB8E16142E774300518E28 /* KotobaTests.octest */;
			productType = "com.apple.product-type.bundle";
		};
/* End PBXNativeTarget section */

/* Begin PBXProject section */
		53CB8DEF142E774300518E28 /* Project object */ = {
			isa = PBXProject;
			attributes = {
				LastUpgradeCheck = 0420;
			};
			buildConfigurationList = 53CB8DF2142E774300518E28 /* Build configuration list for PBXProject "Kotoba" */;
			compatibilityVersion = "Xcode 3.2";
			developmentRegion = English;
			hasScannedForEncodings = 0;
			knownRegions = (
				en,
			);
			mainGroup = 53CB8DED142E774300518E28;
			productRefGroup = 53CB8DF9142E774300518E28 /* Products */;
			projectDirPath = "";
			projectRoot = "";
			targets = (
				53CB8DF7142E774300518E28 /* Kotoba */,
				53CB8E15142E774300518E28 /* KotobaTests */,
				53B12A6B14E76716005762A0 /* UnitTests */,
			);
		};
/* End PBXProject section */

/* Begin PBXResourcesBuildPhase section */
		53B12A6A14E76716005762A0 /* Resources */ = {
			isa = PBXResourcesBuildPhase;
			buildActionMask = 2147483647;
			files = (
				53B12A7714E76716005762A0 /* InfoPlist.strings in Resources */,
			);
			runOnlyForDeploymentPostprocessing = 0;
		};
		53CB8DF6142E774300518E28 /* Resources */ = {
			isa = PBXResourcesBuildPhase;
			buildActionMask = 2147483647;
			files = (
				53CB8E07142E774300518E28 /* InfoPlist.strings in Resources */,
				53A5926A142E787700C4CE55 /* iPhone.storyboard in Resources */,
				53A59273142E7B6A00C4CE55 /* iPad.storyboard in Resources */,
				53543B8314F7158100326078 /* web_57x57.png in Resources */,
				53543B8514F7159800326078 /* web_114x114.png in Resources */,
				53543B8714F715C700326078 /* ic_launcher.png in Resources */,
				53D7E9D015003ADA00D367EC /* InfoPlist.strings in Resources */,
				53D7E9D115003ADA00D367EC /* Localizable.strings in Resources */,
				53D7E9DE15003C4600D367EC /* UI.strings in Resources */,
			);
			runOnlyForDeploymentPostprocessing = 0;
		};
		53CB8E13142E774300518E28 /* Resources */ = {
			isa = PBXResourcesBuildPhase;
			buildActionMask = 2147483647;
			files = (
				53CB8E23142E774300518E28 /* InfoPlist.strings in Resources */,
			);
			runOnlyForDeploymentPostprocessing = 0;
		};
/* End PBXResourcesBuildPhase section */

/* Begin PBXShellScriptBuildPhase section */
		53B12A9114E83429005762A0 /* ShellScript */ = {
			isa = PBXShellScriptBuildPhase;
			buildActionMask = 2147483647;
			files = (
			);
			inputPaths = (
			);
			outputPaths = (
			);
			runOnlyForDeploymentPostprocessing = 0;
			shellPath = /bin/sh;
			shellScript = "sh RunTests.sh";
			showEnvVarsInLog = 0;
		};
		53CB8E14142E774300518E28 /* ShellScript */ = {
			isa = PBXShellScriptBuildPhase;
			buildActionMask = 2147483647;
			files = (
			);
			inputPaths = (
			);
			outputPaths = (
			);
			runOnlyForDeploymentPostprocessing = 0;
			shellPath = /bin/sh;
			shellScript = "# Run the unit tests in this test bundle.\n\"${SYSTEM_DEVELOPER_DIR}/Tools/RunUnitTests\"\n";
		};
/* End PBXShellScriptBuildPhase section */

/* Begin PBXSourcesBuildPhase section */
		53B12A6814E76716005762A0 /* Sources */ = {
			isa = PBXSourcesBuildPhase;
			buildActionMask = 2147483647;
			files = (
				53B12A7914E76716005762A0 /* main.m in Sources */,
				53D7E9C61500345300D367EC /* Question.m in Sources */,
				532F7A5715004CC70013BD3A /* QuestionEditViewController.m in Sources */,
			);
			runOnlyForDeploymentPostprocessing = 0;
		};
		53CB8DF4142E774300518E28 /* Sources */ = {
			isa = PBXSourcesBuildPhase;
			buildActionMask = 2147483647;
			files = (
				53CB8E09142E774300518E28 /* main.m in Sources */,
				53CB8E0D142E774300518E28 /* AppDelegate.m in Sources */,
				53CB8E10142E774300518E28 /* Kotoba.xcdatamodeld in Sources */,
				53A59271142E799100C4CE55 /* QuestionGameViewController.m in Sources */,
				5357D3F914340BFD00642301 /* QuestionListController.m in Sources */,
				537BC59114E330F90083E0E4 /* OldQuestion.m in Sources */,
				53D7E9C51500345300D367EC /* Question.m in Sources */,
				532F7A5615004CC70013BD3A /* QuestionEditViewController.m in Sources */,
			);
			runOnlyForDeploymentPostprocessing = 0;
		};
		53CB8E11142E774300518E28 /* Sources */ = {
			isa = PBXSourcesBuildPhase;
			buildActionMask = 2147483647;
			files = (
				53A0CD871433C2CC00C91662 /* QuestionGameViewControllerTest.m in Sources */,
			);
			runOnlyForDeploymentPostprocessing = 0;
		};
/* End PBXSourcesBuildPhase section */

/* Begin PBXTargetDependency section */
		53CB8E1D142E774300518E28 /* PBXTargetDependency */ = {
			isa = PBXTargetDependency;
			target = 53CB8DF7142E774300518E28 /* Kotoba */;
			targetProxy = 53CB8E1C142E774300518E28 /* PBXContainerItemProxy */;
		};
/* End PBXTargetDependency section */

/* Begin PBXVariantGroup section */
		53B12A7514E76716005762A0 /* InfoPlist.strings */ = {
			isa = PBXVariantGroup;
			children = (
				53B12A7614E76716005762A0 /* en */,
			);
			name = InfoPlist.strings;
			sourceTree = "<group>";
		};
		53CB8E05142E774300518E28 /* InfoPlist.strings */ = {
			isa = PBXVariantGroup;
			children = (
				53CB8E06142E774300518E28 /* en */,
			);
			name = InfoPlist.strings;
			sourceTree = "<group>";
		};
		53CB8E21142E774300518E28 /* InfoPlist.strings */ = {
			isa = PBXVariantGroup;
			children = (
				53CB8E22142E774300518E28 /* en */,
			);
			name = InfoPlist.strings;
			sourceTree = "<group>";
		};
		53D7E9CC15003ADA00D367EC /* InfoPlist.strings */ = {
			isa = PBXVariantGroup;
			children = (
				53D7E9CD15003ADA00D367EC /* en */,
			);
			name = InfoPlist.strings;
			sourceTree = "<group>";
		};
		53D7E9CE15003ADA00D367EC /* Localizable.strings */ = {
			isa = PBXVariantGroup;
			children = (
				53D7E9CF15003ADA00D367EC /* en */,
			);
			name = Localizable.strings;
			sourceTree = "<group>";
		};
		53D7E9DC15003C4600D367EC /* UI.strings */ = {
			isa = PBXVariantGroup;
			children = (
				53D7E9DD15003C4600D367EC /* en */,
			);
			name = UI.strings;
			sourceTree = "<group>";
		};
/* End PBXVariantGroup section */

/* Begin XCBuildConfiguration section */
		53B12A8814E76717005762A0 /* Debug */ = {
			isa = XCBuildConfiguration;
			buildSettings = {
				"CODE_SIGN_IDENTITY[sdk=iphoneos*]" = "iPhone Developer";
				FRAMEWORK_SEARCH_PATHS = (
					"$(inherited)",
					"\"$(SRCROOT)/../gh-unit\"",
					"\"$(SRCROOT)/lib\"",
				);
				GCC_PRECOMPILE_PREFIX_HEADER = YES;
				GCC_PREFIX_HEADER = "UnitTests/UnitTests-Prefix.pch";
				INFOPLIST_FILE = "UnitTests/UnitTests-Info.plist";
				LIBRARY_SEARCH_PATHS = (
					"$(inherited)",
					"\"$(SRCROOT)/lib/InternIOS\"",
				);
				PRODUCT_NAME = "$(TARGET_NAME)";
				WRAPPER_EXTENSION = app;
			};
			name = Debug;
		};
		53B12A8914E76717005762A0 /* Release */ = {
			isa = XCBuildConfiguration;
			buildSettings = {
				"CODE_SIGN_IDENTITY[sdk=iphoneos*]" = "iPhone Developer";
				FRAMEWORK_SEARCH_PATHS = (
					"$(inherited)",
					"\"$(SRCROOT)/../gh-unit\"",
					"\"$(SRCROOT)/lib\"",
				);
				GCC_PRECOMPILE_PREFIX_HEADER = YES;
				GCC_PREFIX_HEADER = "UnitTests/UnitTests-Prefix.pch";
				INFOPLIST_FILE = "UnitTests/UnitTests-Info.plist";
				LIBRARY_SEARCH_PATHS = (
					"$(inherited)",
					"\"$(SRCROOT)/lib/InternIOS\"",
				);
				PRODUCT_NAME = "$(TARGET_NAME)";
				WRAPPER_EXTENSION = app;
			};
			name = Release;
		};
		53CB8E27142E774300518E28 /* Debug */ = {
			isa = XCBuildConfiguration;
			buildSettings = {
				ALWAYS_SEARCH_USER_PATHS = NO;
				ARCHS = "$(ARCHS_STANDARD_32_BIT)";
				CLANG_ENABLE_OBJC_ARC = YES;
				"CODE_SIGN_IDENTITY[sdk=iphoneos*]" = "iPhone Developer";
				COPY_PHASE_STRIP = NO;
				GCC_C_LANGUAGE_STANDARD = gnu99;
				GCC_DYNAMIC_NO_PIC = NO;
				GCC_OPTIMIZATION_LEVEL = 0;
				GCC_PREPROCESSOR_DEFINITIONS = (
					"DEBUG=1",
					"$(inherited)",
				);
				GCC_SYMBOLS_PRIVATE_EXTERN = NO;
				GCC_VERSION = com.apple.compilers.llvm.clang.1_0;
				GCC_WARN_ABOUT_MISSING_PROTOTYPES = YES;
				GCC_WARN_ABOUT_RETURN_TYPE = YES;
				GCC_WARN_UNUSED_VARIABLE = YES;
				IPHONEOS_DEPLOYMENT_TARGET = 5.0;
				OTHER_LDFLAGS = (
					"-all_load",
					"-ObjC",
				);
				SDKROOT = iphoneos;
				TARGETED_DEVICE_FAMILY = "1,2";
			};
			name = Debug;
		};
		53CB8E28142E774300518E28 /* Release */ = {
			isa = XCBuildConfiguration;
			buildSettings = {
				ALWAYS_SEARCH_USER_PATHS = NO;
				ARCHS = "$(ARCHS_STANDARD_32_BIT)";
				CLANG_ENABLE_OBJC_ARC = YES;
				"CODE_SIGN_IDENTITY[sdk=iphoneos*]" = "iPhone Developer";
				COPY_PHASE_STRIP = YES;
				GCC_C_LANGUAGE_STANDARD = gnu99;
				GCC_VERSION = com.apple.compilers.llvm.clang.1_0;
				GCC_WARN_ABOUT_MISSING_PROTOTYPES = YES;
				GCC_WARN_ABOUT_RETURN_TYPE = YES;
				GCC_WARN_UNUSED_VARIABLE = YES;
				IPHONEOS_DEPLOYMENT_TARGET = 5.0;
				OTHER_CFLAGS = "-DNS_BLOCK_ASSERTIONS=1";
				OTHER_LDFLAGS = (
					"-all_load",
					"-ObjC",
				);
				SDKROOT = iphoneos;
				TARGETED_DEVICE_FAMILY = "1,2";
				VALIDATE_PRODUCT = YES;
			};
			name = Release;
		};
		53CB8E2A142E774300518E28 /* Debug */ = {
			isa = XCBuildConfiguration;
			buildSettings = {
				FRAMEWORK_SEARCH_PATHS = (
					"$(inherited)",
					"\"$(SRCROOT)/lib\"",
				);
				GCC_PRECOMPILE_PREFIX_HEADER = YES;
				GCC_PREFIX_HEADER = "Kotoba/Kotoba-Prefix.pch";
				INFOPLIST_FILE = "Kotoba/Kotoba-Info.plist";
				LIBRARY_SEARCH_PATHS = (
					"$(inherited)",
					"\"$(SRCROOT)/lib\"",
					"\"$(SRCROOT)/lib/InternIOS\"",
				);
				PRODUCT_NAME = "$(TARGET_NAME)";
				WRAPPER_EXTENSION = app;
			};
			name = Debug;
		};
		53CB8E2B142E774300518E28 /* Release */ = {
			isa = XCBuildConfiguration;
			buildSettings = {
				FRAMEWORK_SEARCH_PATHS = (
					"$(inherited)",
					"\"$(SRCROOT)/lib\"",
				);
				GCC_PRECOMPILE_PREFIX_HEADER = YES;
				GCC_PREFIX_HEADER = "Kotoba/Kotoba-Prefix.pch";
				INFOPLIST_FILE = "Kotoba/Kotoba-Info.plist";
				LIBRARY_SEARCH_PATHS = (
					"$(inherited)",
					"\"$(SRCROOT)/lib\"",
					"\"$(SRCROOT)/lib/InternIOS\"",
				);
				PRODUCT_NAME = "$(TARGET_NAME)";
				WRAPPER_EXTENSION = app;
			};
			name = Release;
		};
		53CB8E2D142E774300518E28 /* Debug */ = {
			isa = XCBuildConfiguration;
			buildSettings = {
				BUNDLE_LOADER = "$(BUILT_PRODUCTS_DIR)/Kotoba.app/Kotoba";
				FRAMEWORK_SEARCH_PATHS = (
					"$(SDKROOT)/Developer/Library/Frameworks",
					"$(DEVELOPER_LIBRARY_DIR)/Frameworks",
				);
				GCC_PRECOMPILE_PREFIX_HEADER = YES;
				GCC_PREFIX_HEADER = "Kotoba/Kotoba-Prefix.pch";
				INFOPLIST_FILE = "KotobaTests/KotobaTests-Info.plist";
				PRODUCT_NAME = "$(TARGET_NAME)";
				TEST_HOST = "$(BUNDLE_LOADER)";
				WRAPPER_EXTENSION = octest;
			};
			name = Debug;
		};
		53CB8E2E142E774300518E28 /* Release */ = {
			isa = XCBuildConfiguration;
			buildSettings = {
				BUNDLE_LOADER = "$(BUILT_PRODUCTS_DIR)/Kotoba.app/Kotoba";
				FRAMEWORK_SEARCH_PATHS = (
					"$(SDKROOT)/Developer/Library/Frameworks",
					"$(DEVELOPER_LIBRARY_DIR)/Frameworks",
				);
				GCC_PRECOMPILE_PREFIX_HEADER = YES;
				GCC_PREFIX_HEADER = "Kotoba/Kotoba-Prefix.pch";
				INFOPLIST_FILE = "KotobaTests/KotobaTests-Info.plist";
				PRODUCT_NAME = "$(TARGET_NAME)";
				TEST_HOST = "$(BUNDLE_LOADER)";
				WRAPPER_EXTENSION = octest;
			};
			name = Release;
		};
/* End XCBuildConfiguration section */

/* Begin XCConfigurationList section */
		53B12A8714E76717005762A0 /* Build configuration list for PBXNativeTarget "UnitTests" */ = {
			isa = XCConfigurationList;
			buildConfigurations = (
				53B12A8814E76717005762A0 /* Debug */,
				53B12A8914E76717005762A0 /* Release */,
			);
			defaultConfigurationIsVisible = 0;
			defaultConfigurationName = Release;
		};
		53CB8DF2142E774300518E28 /* Build configuration list for PBXProject "Kotoba" */ = {
			isa = XCConfigurationList;
			buildConfigurations = (
				53CB8E27142E774300518E28 /* Debug */,
				53CB8E28142E774300518E28 /* Release */,
			);
			defaultConfigurationIsVisible = 0;
			defaultConfigurationName = Release;
		};
		53CB8E29142E774300518E28 /* Build configuration list for PBXNativeTarget "Kotoba" */ = {
			isa = XCConfigurationList;
			buildConfigurations = (
				53CB8E2A142E774300518E28 /* Debug */,
				53CB8E2B142E774300518E28 /* Release */,
			);
			defaultConfigurationIsVisible = 0;
			defaultConfigurationName = Release;
		};
		53CB8E2C142E774300518E28 /* Build configuration list for PBXNativeTarget "KotobaTests" */ = {
			isa = XCConfigurationList;
			buildConfigurations = (
				53CB8E2D142E774300518E28 /* Debug */,
				53CB8E2E142E774300518E28 /* Release */,
			);
			defaultConfigurationIsVisible = 0;
			defaultConfigurationName = Release;
		};
/* End XCConfigurationList section */

/* Begin XCVersionGroup section */
		53CB8E0E142E774300518E28 /* Kotoba.xcdatamodeld */ = {
			isa = XCVersionGroup;
			children = (
				53CB8E0F142E774300518E28 /* Kotoba.xcdatamodel */,
			);
			currentVersion = 53CB8E0F142E774300518E28 /* Kotoba.xcdatamodel */;
			path = Kotoba.xcdatamodeld;
			sourceTree = "<group>";
			versionGroupType = wrapper.xcdatamodel;
		};
/* End XCVersionGroup section */
	};
	rootObject = 53CB8DEF142E774300518E28 /* Project object */;
}
